// !$*UTF8*$!
{
	archiveVersion = 1;
	classes = {
	};
	objectVersion = 55;
	objects = {

/* Begin PBXBuildFile section */
		10247AED29EAC19400AE7A47 /* NetworkManager.swift in Sources */ = {isa = PBXBuildFile; fileRef = 10247AEC29EAC19400AE7A47 /* NetworkManager.swift */; };
		10247AEF29EB127800AE7A47 /* UserData.swift in Sources */ = {isa = PBXBuildFile; fileRef = 10247AEE29EB127800AE7A47 /* UserData.swift */; };
		103599D929E2B6EC0030ADB8 /* FilterViewController.swift in Sources */ = {isa = PBXBuildFile; fileRef = 103599D829E2B6EC0030ADB8 /* FilterViewController.swift */; };
		10359A0A29E446F50030ADB8 /* PresentationManager.swift in Sources */ = {isa = PBXBuildFile; fileRef = 10359A0929E446F50030ADB8 /* PresentationManager.swift */; };
		10359A0C29E448EE0030ADB8 /* SlideInPresentationController.swift in Sources */ = {isa = PBXBuildFile; fileRef = 10359A0B29E448EE0030ADB8 /* SlideInPresentationController.swift */; };
		1035BD1829E0D676004C2AC3 /* ProfileViewController.swift in Sources */ = {isa = PBXBuildFile; fileRef = 1035BD1729E0D676004C2AC3 /* ProfileViewController.swift */; };
		1035BD1B29E0D6DD004C2AC3 /* FormCell.swift in Sources */ = {isa = PBXBuildFile; fileRef = 1035BD1A29E0D6DD004C2AC3 /* FormCell.swift */; };
		1035BD1D29E0D780004C2AC3 /* GenderCell.swift in Sources */ = {isa = PBXBuildFile; fileRef = 1035BD1C29E0D780004C2AC3 /* GenderCell.swift */; };
		1035BD1F29E0D7C3004C2AC3 /* ButtonActionCell.swift in Sources */ = {isa = PBXBuildFile; fileRef = 1035BD1E29E0D7C3004C2AC3 /* ButtonActionCell.swift */; };
		1035BD2129E0D7EB004C2AC3 /* UserImageCell.swift in Sources */ = {isa = PBXBuildFile; fileRef = 1035BD2029E0D7EB004C2AC3 /* UserImageCell.swift */; };
		10573D1B29E6EAEA007DD29D /* FavouriteViewController.swift in Sources */ = {isa = PBXBuildFile; fileRef = 10573D1A29E6EAEA007DD29D /* FavouriteViewController.swift */; };
		10573D2029E6F712007DD29D /* ContentCell.swift in Sources */ = {isa = PBXBuildFile; fileRef = 10573D1F29E6F712007DD29D /* ContentCell.swift */; };
		10573D2229E7100C007DD29D /* DescriptionContainer.swift in Sources */ = {isa = PBXBuildFile; fileRef = 10573D2129E7100C007DD29D /* DescriptionContainer.swift */; };
		106FFB9629DF1A74002D7A94 /* SplashScreenViewController.swift in Sources */ = {isa = PBXBuildFile; fileRef = 106FFB9529DF1A74002D7A94 /* SplashScreenViewController.swift */; };
		10740FC629E93D7F0099194F /* SignUpViewController.swift in Sources */ = {isa = PBXBuildFile; fileRef = 10740FC529E93D7F0099194F /* SignUpViewController.swift */; };
		10740FCA29E948900099194F /* HeaderCell.swift in Sources */ = {isa = PBXBuildFile; fileRef = 10740FC929E948900099194F /* HeaderCell.swift */; };
		10740FCC29E967A60099194F /* LoginCell.swift in Sources */ = {isa = PBXBuildFile; fileRef = 10740FCB29E967A60099194F /* LoginCell.swift */; };
		10F9E3C429DB7EA000C7BC6A /* CreateAccountViewController.swift in Sources */ = {isa = PBXBuildFile; fileRef = 10F9E3C329DB7EA000C7BC6A /* CreateAccountViewController.swift */; };
		10F9E3C629DB833300C7BC6A /* MainButton.swift in Sources */ = {isa = PBXBuildFile; fileRef = 10F9E3C529DB833300C7BC6A /* MainButton.swift */; };
		10F9E3CA29DC186500C7BC6A /* TextFieldView.swift in Sources */ = {isa = PBXBuildFile; fileRef = 10F9E3C929DC186500C7BC6A /* TextFieldView.swift */; };
		1811A5E729E30CAC0094B612 /* SearchViewController.swift in Sources */ = {isa = PBXBuildFile; fileRef = 1811A5E629E30CAC0094B612 /* SearchViewController.swift */; };
		1811A5EB29E31D580094B612 /* SearchTableViewCell.swift in Sources */ = {isa = PBXBuildFile; fileRef = 1811A5EA29E31D580094B612 /* SearchTableViewCell.swift */; };
		18691E4429E449F600819CFC /* ThemoviedbData.swift in Sources */ = {isa = PBXBuildFile; fileRef = 18691E4329E449F600819CFC /* ThemoviedbData.swift */; };
		18691E4829E44A7000819CFC /* APIService.swift in Sources */ = {isa = PBXBuildFile; fileRef = 18691E4729E44A7000819CFC /* APIService.swift */; };
		18BD55E529DC8E430000DB83 /* OnboardingCollectionViewCell.swift in Sources */ = {isa = PBXBuildFile; fileRef = 18BD55E429DC8E430000DB83 /* OnboardingCollectionViewCell.swift */; };
		18BD55E729DCB84E0000DB83 /* OnboardingSlide.swift in Sources */ = {isa = PBXBuildFile; fileRef = 18BD55E629DCB84E0000DB83 /* OnboardingSlide.swift */; };
		18EEBF5A29DB5A62002B5C20 /* OnboardingViewController.swift in Sources */ = {isa = PBXBuildFile; fileRef = 18EEBF5929DB5A62002B5C20 /* OnboardingViewController.swift */; };
		270A656529E08AC100C36C27 /* SettingsViewController.swift in Sources */ = {isa = PBXBuildFile; fileRef = 270A656429E08AC100C36C27 /* SettingsViewController.swift */; };
		270A656729E08DB100C36C27 /* BottomSheetController.swift in Sources */ = {isa = PBXBuildFile; fileRef = 270A656629E08DB100C36C27 /* BottomSheetController.swift */; };
		270A656929E08DF300C36C27 /* BottomSheetTransitioningDelegate.swift in Sources */ = {isa = PBXBuildFile; fileRef = 270A656829E08DF300C36C27 /* BottomSheetTransitioningDelegate.swift */; };
		275A1FB929DF9B1600426D94 /* BaseCoordinator.swift in Sources */ = {isa = PBXBuildFile; fileRef = 275A1FB829DF9B1600426D94 /* BaseCoordinator.swift */; };
		275A1FBE29DF9B6F00426D94 /* Router.swift in Sources */ = {isa = PBXBuildFile; fileRef = 275A1FBD29DF9B6F00426D94 /* Router.swift */; };
		275A1FC029DF9BD200426D94 /* BaseViewController.swift in Sources */ = {isa = PBXBuildFile; fileRef = 275A1FBF29DF9BD200426D94 /* BaseViewController.swift */; };
		275A1FC429DF9C4100426D94 /* AppCoordinator.swift in Sources */ = {isa = PBXBuildFile; fileRef = 275A1FC329DF9C4100426D94 /* AppCoordinator.swift */; };
		275A1FC629DF9C6600426D94 /* SplashCoordinator.swift in Sources */ = {isa = PBXBuildFile; fileRef = 275A1FC529DF9C6600426D94 /* SplashCoordinator.swift */; };
		275A1FC829DF9CBC00426D94 /* OnboardingCoordinator.swift in Sources */ = {isa = PBXBuildFile; fileRef = 275A1FC729DF9CBC00426D94 /* OnboardingCoordinator.swift */; };
		275A1FCB29DF9CE900426D94 /* AuthCoordinator.swift in Sources */ = {isa = PBXBuildFile; fileRef = 275A1FCA29DF9CE900426D94 /* AuthCoordinator.swift */; };
		275A1FD229DFAC9D00426D94 /* Movies.json in Resources */ = {isa = PBXBuildFile; fileRef = 275A1FD129DFAC9D00426D94 /* Movies.json */; };
		275A1FD529DFACE400426D94 /* Bundle+Extensions.swift in Sources */ = {isa = PBXBuildFile; fileRef = 275A1FD429DFACE400426D94 /* Bundle+Extensions.swift */; };
		275A1FD829DFADB600426D94 /* Title.swift in Sources */ = {isa = PBXBuildFile; fileRef = 275A1FD729DFADB600426D94 /* Title.swift */; };
		275A1FDB29DFAFFF00426D94 /* TabBarCoordinator.swift in Sources */ = {isa = PBXBuildFile; fileRef = 275A1FDA29DFAFFF00426D94 /* TabBarCoordinator.swift */; };
		275A1FDF29DFBEEE00426D94 /* TabBarController.swift in Sources */ = {isa = PBXBuildFile; fileRef = 275A1FDE29DFBEEE00426D94 /* TabBarController.swift */; };
		275A1FE129DFC01600426D94 /* TabItem.swift in Sources */ = {isa = PBXBuildFile; fileRef = 275A1FE029DFC01600426D94 /* TabItem.swift */; };
		275A1FE329DFC39600426D94 /* SearchCoordinator.swift in Sources */ = {isa = PBXBuildFile; fileRef = 275A1FE229DFC39600426D94 /* SearchCoordinator.swift */; };
		275A1FE529DFC3B100426D94 /* FavouriteCoordinator.swift in Sources */ = {isa = PBXBuildFile; fileRef = 275A1FE429DFC3B100426D94 /* FavouriteCoordinator.swift */; };
		275A1FE729DFC3CC00426D94 /* HomeCoordinator.swift in Sources */ = {isa = PBXBuildFile; fileRef = 275A1FE629DFC3CC00426D94 /* HomeCoordinator.swift */; };
		275A1FE929DFC3E400426D94 /* RecentCoordinator.swift in Sources */ = {isa = PBXBuildFile; fileRef = 275A1FE829DFC3E400426D94 /* RecentCoordinator.swift */; };
		275A1FEB29DFC40300426D94 /* ProfileCoordinator.swift in Sources */ = {isa = PBXBuildFile; fileRef = 275A1FEA29DFC40300426D94 /* ProfileCoordinator.swift */; };
		275F4F3129DA404900FCBF0E /* AppDelegate.swift in Sources */ = {isa = PBXBuildFile; fileRef = 275F4F3029DA404900FCBF0E /* AppDelegate.swift */; };
		275F4F3329DA404900FCBF0E /* SceneDelegate.swift in Sources */ = {isa = PBXBuildFile; fileRef = 275F4F3229DA404900FCBF0E /* SceneDelegate.swift */; };
		275F4F3A29DA404A00FCBF0E /* Assets.xcassets in Resources */ = {isa = PBXBuildFile; fileRef = 275F4F3929DA404A00FCBF0E /* Assets.xcassets */; };
		275F4F3D29DA404A00FCBF0E /* LaunchScreen.storyboard in Resources */ = {isa = PBXBuildFile; fileRef = 275F4F3B29DA404A00FCBF0E /* LaunchScreen.storyboard */; };
		279637BB29EAE57A00663B57 /* SignUpStore.swift in Sources */ = {isa = PBXBuildFile; fileRef = 279637BA29EAE57A00663B57 /* SignUpStore.swift */; };
		279637BD29EAEB3800663B57 /* Person.swift in Sources */ = {isa = PBXBuildFile; fileRef = 279637BC29EAEB3800663B57 /* Person.swift */; };
		279637C029EB0A6100663B57 /* FirebaseStorage in Frameworks */ = {isa = PBXBuildFile; productRef = 279637BF29EB0A6100663B57 /* FirebaseStorage */; };
		2798986129EAA6AC0076A8AE /* GoogleSignIn in Frameworks */ = {isa = PBXBuildFile; productRef = 2798986029EAA6AC0076A8AE /* GoogleSignIn */; };
		2798986329EAA6AC0076A8AE /* GoogleSignInSwift in Frameworks */ = {isa = PBXBuildFile; productRef = 2798986229EAA6AC0076A8AE /* GoogleSignInSwift */; };
		2798986529EAB8760076A8AE /* SettingsStore.swift in Sources */ = {isa = PBXBuildFile; fileRef = 2798986429EAB8760076A8AE /* SettingsStore.swift */; };
		2798986729EAB90D0076A8AE /* Store.swift in Sources */ = {isa = PBXBuildFile; fileRef = 2798986629EAB90D0076A8AE /* Store.swift */; };
		2798986A29EAC1EC0076A8AE /* SignInStore.swift in Sources */ = {isa = PBXBuildFile; fileRef = 2798986929EAC1EC0076A8AE /* SignInStore.swift */; };
		279AD64E29E8F251005D04B8 /* FirebaseAuth in Frameworks */ = {isa = PBXBuildFile; productRef = 279AD64D29E8F251005D04B8 /* FirebaseAuth */; };
		279AD65029E8F251005D04B8 /* FirebaseFirestore in Frameworks */ = {isa = PBXBuildFile; productRef = 279AD64F29E8F251005D04B8 /* FirebaseFirestore */; };
		279AD65229E8F251005D04B8 /* FirebaseFirestoreSwift in Frameworks */ = {isa = PBXBuildFile; productRef = 279AD65129E8F251005D04B8 /* FirebaseFirestoreSwift */; };
		279AD65429E8F27C005D04B8 /* GoogleService-Info.plist in Resources */ = {isa = PBXBuildFile; fileRef = 279AD65329E8F27C005D04B8 /* GoogleService-Info.plist */; };
		279AD66329E929B3005D04B8 /* Settings.swift in Sources */ = {isa = PBXBuildFile; fileRef = 279AD66229E929B3005D04B8 /* Settings.swift */; };
		27A497E629EC17AE00623F92 /* CoreDataManager.swift in Sources */ = {isa = PBXBuildFile; fileRef = 27A497E529EC17AE00623F92 /* CoreDataManager.swift */; };
		27A5FB5729EB7DF400EF3266 /* TitlePreviewViewController.swift in Sources */ = {isa = PBXBuildFile; fileRef = 27A5FB5629EB7DF400EF3266 /* TitlePreviewViewController.swift */; };
		27A5FB5929EB7E3D00EF3266 /* TitlePreviewViewModel.swift in Sources */ = {isa = PBXBuildFile; fileRef = 27A5FB5829EB7E3D00EF3266 /* TitlePreviewViewModel.swift */; };
		27BFBBC929EBB3BF006BA0DB /* FirebaseUserListener.swift in Sources */ = {isa = PBXBuildFile; fileRef = 27BFBBC829EBB3BF006BA0DB /* FirebaseUserListener.swift */; };
		27C4497F29E3097D00D87E39 /* InlineConfigurable.swift in Sources */ = {isa = PBXBuildFile; fileRef = 27C4497E29E3097D00D87E39 /* InlineConfigurable.swift */; };
		27C4498229E309C400D87E39 /* Kingfisher in Frameworks */ = {isa = PBXBuildFile; productRef = 27C4498129E309C400D87E39 /* Kingfisher */; };
		27C4498429E30A5800D87E39 /* CategoriesHeaderView.swift in Sources */ = {isa = PBXBuildFile; fileRef = 27C4498329E30A5800D87E39 /* CategoriesHeaderView.swift */; };
		27C4498629E30A7200D87E39 /* CategoryCell.swift in Sources */ = {isa = PBXBuildFile; fileRef = 27C4498529E30A7200D87E39 /* CategoryCell.swift */; };
		27C4498829E30AD400D87E39 /* HeroHeaderView.swift in Sources */ = {isa = PBXBuildFile; fileRef = 27C4498729E30AD400D87E39 /* HeroHeaderView.swift */; };
		27C4498A29E38EB500D87E39 /* HomeCellView.swift in Sources */ = {isa = PBXBuildFile; fileRef = 27C4498929E38EB500D87E39 /* HomeCellView.swift */; };
		27C4498C29E38F1600D87E39 /* BridgingCollectionViewCell.swift in Sources */ = {isa = PBXBuildFile; fileRef = 27C4498B29E38F1600D87E39 /* BridgingCollectionViewCell.swift */; };
		27C4498E29E38F8000D87E39 /* RestrictedUIHostingController.swift in Sources */ = {isa = PBXBuildFile; fileRef = 27C4498D29E38F8000D87E39 /* RestrictedUIHostingController.swift */; };
		27C4499129E3901700D87E39 /* SnapKit in Frameworks */ = {isa = PBXBuildFile; productRef = 27C4499029E3901700D87E39 /* SnapKit */; };
		27C4499529E393EF00D87E39 /* BridgingRestrictedTableViewCell.swift in Sources */ = {isa = PBXBuildFile; fileRef = 27C4499429E393EF00D87E39 /* BridgingRestrictedTableViewCell.swift */; };
		27CC030B29ECC5760055F0D7 /* FavoriteStore.swift in Sources */ = {isa = PBXBuildFile; fileRef = 27CC030A29ECC5760055F0D7 /* FavoriteStore.swift */; };
		27CC349529E1B2CB00FB6667 /* RecentsViewController.swift in Sources */ = {isa = PBXBuildFile; fileRef = 27CC349429E1B2CB00FB6667 /* RecentsViewController.swift */; };
		27CC349729E1B2F700FB6667 /* HorizontalTagCollectionView.swift in Sources */ = {isa = PBXBuildFile; fileRef = 27CC349629E1B2F700FB6667 /* HorizontalTagCollectionView.swift */; };
		27CC349929E1B34B00FB6667 /* MovieTableView.swift in Sources */ = {isa = PBXBuildFile; fileRef = 27CC349829E1B34B00FB6667 /* MovieTableView.swift */; };
		27CC349D29E1B4ED00FB6667 /* MovieTableViewCell.swift in Sources */ = {isa = PBXBuildFile; fileRef = 27CC349C29E1B4ED00FB6667 /* MovieTableViewCell.swift */; };
		27CC349F29E1B51600FB6667 /* ButtonView.swift in Sources */ = {isa = PBXBuildFile; fileRef = 27CC349E29E1B51600FB6667 /* ButtonView.swift */; };
		27CC34A129E1B56600FB6667 /* Constants.swift in Sources */ = {isa = PBXBuildFile; fileRef = 27CC34A029E1B56600FB6667 /* Constants.swift */; };
		27CC34A329E1B5B800FB6667 /* UIColor+Extension.swift in Sources */ = {isa = PBXBuildFile; fileRef = 27CC34A229E1B5B800FB6667 /* UIColor+Extension.swift */; };
		27CC34A529E1B5FA00FB6667 /* HorizontalTagCollectionViewCell.swift in Sources */ = {isa = PBXBuildFile; fileRef = 27CC34A429E1B5FA00FB6667 /* HorizontalTagCollectionViewCell.swift */; };
		27CC34A829E1BCF600FB6667 /* HomeViewController.swift in Sources */ = {isa = PBXBuildFile; fileRef = 27CC34A729E1BCF600FB6667 /* HomeViewController.swift */; };
		27DAA1A929EB64C100C8F3B8 /* APICaller.swift in Sources */ = {isa = PBXBuildFile; fileRef = 27DAA1A829EB64C100C8F3B8 /* APICaller.swift */; };
		27DAA1AB29EB6DDD00C8F3B8 /* YoutubeSearchResponse.swift in Sources */ = {isa = PBXBuildFile; fileRef = 27DAA1AA29EB6DDD00C8F3B8 /* YoutubeSearchResponse.swift */; };
		27DAA1AD29EB705100C8F3B8 /* HomeStore.swift in Sources */ = {isa = PBXBuildFile; fileRef = 27DAA1AC29EB705100C8F3B8 /* HomeStore.swift */; };
		27F09FB529EC1530000D003D /* Movies.xcdatamodeld in Sources */ = {isa = PBXBuildFile; fileRef = 27F09FB329EC1530000D003D /* Movies.xcdatamodeld */; };
		A262EE1129E9685C0073AF39 /* PopUpViewController.swift in Sources */ = {isa = PBXBuildFile; fileRef = A262EE1029E9685C0073AF39 /* PopUpViewController.swift */; };
		A2EBFF7A29DC162400715794 /* Theme.swift in Sources */ = {isa = PBXBuildFile; fileRef = A2EBFF7929DC162400715794 /* Theme.swift */; };
/* End PBXBuildFile section */

/* Begin PBXFileReference section */
		10247AEC29EAC19400AE7A47 /* NetworkManager.swift */ = {isa = PBXFileReference; lastKnownFileType = sourcecode.swift; path = NetworkManager.swift; sourceTree = "<group>"; };
		10247AEE29EB127800AE7A47 /* UserData.swift */ = {isa = PBXFileReference; lastKnownFileType = sourcecode.swift; path = UserData.swift; sourceTree = "<group>"; };
		103599D829E2B6EC0030ADB8 /* FilterViewController.swift */ = {isa = PBXFileReference; lastKnownFileType = sourcecode.swift; path = FilterViewController.swift; sourceTree = "<group>"; };
		10359A0929E446F50030ADB8 /* PresentationManager.swift */ = {isa = PBXFileReference; lastKnownFileType = sourcecode.swift; path = PresentationManager.swift; sourceTree = "<group>"; };
		10359A0B29E448EE0030ADB8 /* SlideInPresentationController.swift */ = {isa = PBXFileReference; lastKnownFileType = sourcecode.swift; path = SlideInPresentationController.swift; sourceTree = "<group>"; };
		1035BD1729E0D676004C2AC3 /* ProfileViewController.swift */ = {isa = PBXFileReference; lastKnownFileType = sourcecode.swift; path = ProfileViewController.swift; sourceTree = "<group>"; };
		1035BD1A29E0D6DD004C2AC3 /* FormCell.swift */ = {isa = PBXFileReference; lastKnownFileType = sourcecode.swift; path = FormCell.swift; sourceTree = "<group>"; };
		1035BD1C29E0D780004C2AC3 /* GenderCell.swift */ = {isa = PBXFileReference; lastKnownFileType = sourcecode.swift; path = GenderCell.swift; sourceTree = "<group>"; };
		1035BD1E29E0D7C3004C2AC3 /* ButtonActionCell.swift */ = {isa = PBXFileReference; lastKnownFileType = sourcecode.swift; path = ButtonActionCell.swift; sourceTree = "<group>"; };
		1035BD2029E0D7EB004C2AC3 /* UserImageCell.swift */ = {isa = PBXFileReference; lastKnownFileType = sourcecode.swift; path = UserImageCell.swift; sourceTree = "<group>"; };
		10573D1A29E6EAEA007DD29D /* FavouriteViewController.swift */ = {isa = PBXFileReference; lastKnownFileType = sourcecode.swift; path = FavouriteViewController.swift; sourceTree = "<group>"; };
		10573D1F29E6F712007DD29D /* ContentCell.swift */ = {isa = PBXFileReference; lastKnownFileType = sourcecode.swift; path = ContentCell.swift; sourceTree = "<group>"; };
		10573D2129E7100C007DD29D /* DescriptionContainer.swift */ = {isa = PBXFileReference; lastKnownFileType = sourcecode.swift; path = DescriptionContainer.swift; sourceTree = "<group>"; };
		106FFB9529DF1A74002D7A94 /* SplashScreenViewController.swift */ = {isa = PBXFileReference; fileEncoding = 4; lastKnownFileType = sourcecode.swift; path = SplashScreenViewController.swift; sourceTree = "<group>"; };
		10740FC529E93D7F0099194F /* SignUpViewController.swift */ = {isa = PBXFileReference; lastKnownFileType = sourcecode.swift; path = SignUpViewController.swift; sourceTree = "<group>"; };
		10740FC929E948900099194F /* HeaderCell.swift */ = {isa = PBXFileReference; lastKnownFileType = sourcecode.swift; path = HeaderCell.swift; sourceTree = "<group>"; };
		10740FCB29E967A60099194F /* LoginCell.swift */ = {isa = PBXFileReference; lastKnownFileType = sourcecode.swift; path = LoginCell.swift; sourceTree = "<group>"; };
		10F9E3C329DB7EA000C7BC6A /* CreateAccountViewController.swift */ = {isa = PBXFileReference; lastKnownFileType = sourcecode.swift; path = CreateAccountViewController.swift; sourceTree = "<group>"; };
		10F9E3C529DB833300C7BC6A /* MainButton.swift */ = {isa = PBXFileReference; lastKnownFileType = sourcecode.swift; path = MainButton.swift; sourceTree = "<group>"; };
		10F9E3C929DC186500C7BC6A /* TextFieldView.swift */ = {isa = PBXFileReference; lastKnownFileType = sourcecode.swift; path = TextFieldView.swift; sourceTree = "<group>"; };
		1811A5E629E30CAC0094B612 /* SearchViewController.swift */ = {isa = PBXFileReference; lastKnownFileType = sourcecode.swift; path = SearchViewController.swift; sourceTree = "<group>"; };
		1811A5EA29E31D580094B612 /* SearchTableViewCell.swift */ = {isa = PBXFileReference; lastKnownFileType = sourcecode.swift; path = SearchTableViewCell.swift; sourceTree = "<group>"; };
		18691E4329E449F600819CFC /* ThemoviedbData.swift */ = {isa = PBXFileReference; lastKnownFileType = sourcecode.swift; path = ThemoviedbData.swift; sourceTree = "<group>"; };
		18691E4729E44A7000819CFC /* APIService.swift */ = {isa = PBXFileReference; lastKnownFileType = sourcecode.swift; path = APIService.swift; sourceTree = "<group>"; };
		18BD55E429DC8E430000DB83 /* OnboardingCollectionViewCell.swift */ = {isa = PBXFileReference; lastKnownFileType = sourcecode.swift; path = OnboardingCollectionViewCell.swift; sourceTree = "<group>"; };
		18BD55E629DCB84E0000DB83 /* OnboardingSlide.swift */ = {isa = PBXFileReference; lastKnownFileType = sourcecode.swift; path = OnboardingSlide.swift; sourceTree = "<group>"; };
		18EEBF5929DB5A62002B5C20 /* OnboardingViewController.swift */ = {isa = PBXFileReference; lastKnownFileType = sourcecode.swift; path = OnboardingViewController.swift; sourceTree = "<group>"; };
		270A656429E08AC100C36C27 /* SettingsViewController.swift */ = {isa = PBXFileReference; fileEncoding = 4; lastKnownFileType = sourcecode.swift; path = SettingsViewController.swift; sourceTree = "<group>"; };
		270A656629E08DB100C36C27 /* BottomSheetController.swift */ = {isa = PBXFileReference; lastKnownFileType = sourcecode.swift; path = BottomSheetController.swift; sourceTree = "<group>"; };
		270A656829E08DF300C36C27 /* BottomSheetTransitioningDelegate.swift */ = {isa = PBXFileReference; lastKnownFileType = sourcecode.swift; path = BottomSheetTransitioningDelegate.swift; sourceTree = "<group>"; };
		275A1FB829DF9B1600426D94 /* BaseCoordinator.swift */ = {isa = PBXFileReference; lastKnownFileType = sourcecode.swift; path = BaseCoordinator.swift; sourceTree = "<group>"; };
		275A1FBD29DF9B6F00426D94 /* Router.swift */ = {isa = PBXFileReference; lastKnownFileType = sourcecode.swift; path = Router.swift; sourceTree = "<group>"; };
		275A1FBF29DF9BD200426D94 /* BaseViewController.swift */ = {isa = PBXFileReference; lastKnownFileType = sourcecode.swift; path = BaseViewController.swift; sourceTree = "<group>"; };
		275A1FC329DF9C4100426D94 /* AppCoordinator.swift */ = {isa = PBXFileReference; lastKnownFileType = sourcecode.swift; path = AppCoordinator.swift; sourceTree = "<group>"; };
		275A1FC529DF9C6600426D94 /* SplashCoordinator.swift */ = {isa = PBXFileReference; lastKnownFileType = sourcecode.swift; path = SplashCoordinator.swift; sourceTree = "<group>"; };
		275A1FC729DF9CBC00426D94 /* OnboardingCoordinator.swift */ = {isa = PBXFileReference; lastKnownFileType = sourcecode.swift; path = OnboardingCoordinator.swift; sourceTree = "<group>"; };
		275A1FCA29DF9CE900426D94 /* AuthCoordinator.swift */ = {isa = PBXFileReference; lastKnownFileType = sourcecode.swift; path = AuthCoordinator.swift; sourceTree = "<group>"; };
		275A1FD129DFAC9D00426D94 /* Movies.json */ = {isa = PBXFileReference; lastKnownFileType = text.json; path = Movies.json; sourceTree = "<group>"; };
		275A1FD429DFACE400426D94 /* Bundle+Extensions.swift */ = {isa = PBXFileReference; lastKnownFileType = sourcecode.swift; path = "Bundle+Extensions.swift"; sourceTree = "<group>"; };
		275A1FD729DFADB600426D94 /* Title.swift */ = {isa = PBXFileReference; lastKnownFileType = sourcecode.swift; path = Title.swift; sourceTree = "<group>"; };
		275A1FDA29DFAFFF00426D94 /* TabBarCoordinator.swift */ = {isa = PBXFileReference; lastKnownFileType = sourcecode.swift; path = TabBarCoordinator.swift; sourceTree = "<group>"; };
		275A1FDE29DFBEEE00426D94 /* TabBarController.swift */ = {isa = PBXFileReference; lastKnownFileType = sourcecode.swift; path = TabBarController.swift; sourceTree = "<group>"; };
		275A1FE029DFC01600426D94 /* TabItem.swift */ = {isa = PBXFileReference; lastKnownFileType = sourcecode.swift; path = TabItem.swift; sourceTree = "<group>"; };
		275A1FE229DFC39600426D94 /* SearchCoordinator.swift */ = {isa = PBXFileReference; lastKnownFileType = sourcecode.swift; path = SearchCoordinator.swift; sourceTree = "<group>"; };
		275A1FE429DFC3B100426D94 /* FavouriteCoordinator.swift */ = {isa = PBXFileReference; lastKnownFileType = sourcecode.swift; path = FavouriteCoordinator.swift; sourceTree = "<group>"; };
		275A1FE629DFC3CC00426D94 /* HomeCoordinator.swift */ = {isa = PBXFileReference; lastKnownFileType = sourcecode.swift; path = HomeCoordinator.swift; sourceTree = "<group>"; };
		275A1FE829DFC3E400426D94 /* RecentCoordinator.swift */ = {isa = PBXFileReference; lastKnownFileType = sourcecode.swift; path = RecentCoordinator.swift; sourceTree = "<group>"; };
		275A1FEA29DFC40300426D94 /* ProfileCoordinator.swift */ = {isa = PBXFileReference; lastKnownFileType = sourcecode.swift; path = ProfileCoordinator.swift; sourceTree = "<group>"; };
		275F4F2D29DA404900FCBF0E /* MovieApp.app */ = {isa = PBXFileReference; explicitFileType = wrapper.application; includeInIndex = 0; path = MovieApp.app; sourceTree = BUILT_PRODUCTS_DIR; };
		275F4F3029DA404900FCBF0E /* AppDelegate.swift */ = {isa = PBXFileReference; lastKnownFileType = sourcecode.swift; path = AppDelegate.swift; sourceTree = "<group>"; };
		275F4F3229DA404900FCBF0E /* SceneDelegate.swift */ = {isa = PBXFileReference; lastKnownFileType = sourcecode.swift; path = SceneDelegate.swift; sourceTree = "<group>"; };
		275F4F3929DA404A00FCBF0E /* Assets.xcassets */ = {isa = PBXFileReference; lastKnownFileType = folder.assetcatalog; path = Assets.xcassets; sourceTree = "<group>"; };
		275F4F3C29DA404A00FCBF0E /* Base */ = {isa = PBXFileReference; lastKnownFileType = file.storyboard; name = Base; path = Base.lproj/LaunchScreen.storyboard; sourceTree = "<group>"; };
		275F4F3E29DA404A00FCBF0E /* Info.plist */ = {isa = PBXFileReference; lastKnownFileType = text.plist.xml; path = Info.plist; sourceTree = "<group>"; };
		279637BA29EAE57A00663B57 /* SignUpStore.swift */ = {isa = PBXFileReference; lastKnownFileType = sourcecode.swift; path = SignUpStore.swift; sourceTree = "<group>"; };
		279637BC29EAEB3800663B57 /* Person.swift */ = {isa = PBXFileReference; lastKnownFileType = sourcecode.swift; path = Person.swift; sourceTree = "<group>"; };
		2798986429EAB8760076A8AE /* SettingsStore.swift */ = {isa = PBXFileReference; lastKnownFileType = sourcecode.swift; path = SettingsStore.swift; sourceTree = "<group>"; };
		2798986629EAB90D0076A8AE /* Store.swift */ = {isa = PBXFileReference; lastKnownFileType = sourcecode.swift; path = Store.swift; sourceTree = "<group>"; };
		2798986929EAC1EC0076A8AE /* SignInStore.swift */ = {isa = PBXFileReference; lastKnownFileType = sourcecode.swift; path = SignInStore.swift; sourceTree = "<group>"; };
		279AD65329E8F27C005D04B8 /* GoogleService-Info.plist */ = {isa = PBXFileReference; fileEncoding = 4; lastKnownFileType = text.plist.xml; path = "GoogleService-Info.plist"; sourceTree = "<group>"; };
		279AD66229E929B3005D04B8 /* Settings.swift */ = {isa = PBXFileReference; lastKnownFileType = sourcecode.swift; path = Settings.swift; sourceTree = "<group>"; };
		27A497E529EC17AE00623F92 /* CoreDataManager.swift */ = {isa = PBXFileReference; lastKnownFileType = sourcecode.swift; path = CoreDataManager.swift; sourceTree = "<group>"; };
		27A5FB5629EB7DF400EF3266 /* TitlePreviewViewController.swift */ = {isa = PBXFileReference; lastKnownFileType = sourcecode.swift; path = TitlePreviewViewController.swift; sourceTree = "<group>"; };
		27A5FB5829EB7E3D00EF3266 /* TitlePreviewViewModel.swift */ = {isa = PBXFileReference; lastKnownFileType = sourcecode.swift; path = TitlePreviewViewModel.swift; sourceTree = "<group>"; };
		27BFBBC829EBB3BF006BA0DB /* FirebaseUserListener.swift */ = {isa = PBXFileReference; lastKnownFileType = sourcecode.swift; path = FirebaseUserListener.swift; sourceTree = "<group>"; };
		27C4497E29E3097D00D87E39 /* InlineConfigurable.swift */ = {isa = PBXFileReference; lastKnownFileType = sourcecode.swift; path = InlineConfigurable.swift; sourceTree = "<group>"; };
		27C4498329E30A5800D87E39 /* CategoriesHeaderView.swift */ = {isa = PBXFileReference; lastKnownFileType = sourcecode.swift; path = CategoriesHeaderView.swift; sourceTree = "<group>"; };
		27C4498529E30A7200D87E39 /* CategoryCell.swift */ = {isa = PBXFileReference; lastKnownFileType = sourcecode.swift; path = CategoryCell.swift; sourceTree = "<group>"; };
		27C4498729E30AD400D87E39 /* HeroHeaderView.swift */ = {isa = PBXFileReference; lastKnownFileType = sourcecode.swift; path = HeroHeaderView.swift; sourceTree = "<group>"; };
		27C4498929E38EB500D87E39 /* HomeCellView.swift */ = {isa = PBXFileReference; lastKnownFileType = sourcecode.swift; path = HomeCellView.swift; sourceTree = "<group>"; };
		27C4498B29E38F1600D87E39 /* BridgingCollectionViewCell.swift */ = {isa = PBXFileReference; lastKnownFileType = sourcecode.swift; path = BridgingCollectionViewCell.swift; sourceTree = "<group>"; };
		27C4498D29E38F8000D87E39 /* RestrictedUIHostingController.swift */ = {isa = PBXFileReference; lastKnownFileType = sourcecode.swift; path = RestrictedUIHostingController.swift; sourceTree = "<group>"; };
		27C4499429E393EF00D87E39 /* BridgingRestrictedTableViewCell.swift */ = {isa = PBXFileReference; lastKnownFileType = sourcecode.swift; path = BridgingRestrictedTableViewCell.swift; sourceTree = "<group>"; };
		27CC030A29ECC5760055F0D7 /* FavoriteStore.swift */ = {isa = PBXFileReference; lastKnownFileType = sourcecode.swift; path = FavoriteStore.swift; sourceTree = "<group>"; };
		27CC349429E1B2CB00FB6667 /* RecentsViewController.swift */ = {isa = PBXFileReference; lastKnownFileType = sourcecode.swift; path = RecentsViewController.swift; sourceTree = "<group>"; };
		27CC349629E1B2F700FB6667 /* HorizontalTagCollectionView.swift */ = {isa = PBXFileReference; lastKnownFileType = sourcecode.swift; path = HorizontalTagCollectionView.swift; sourceTree = "<group>"; };
		27CC349829E1B34B00FB6667 /* MovieTableView.swift */ = {isa = PBXFileReference; lastKnownFileType = sourcecode.swift; path = MovieTableView.swift; sourceTree = "<group>"; };
		27CC349C29E1B4ED00FB6667 /* MovieTableViewCell.swift */ = {isa = PBXFileReference; lastKnownFileType = sourcecode.swift; path = MovieTableViewCell.swift; sourceTree = "<group>"; };
		27CC349E29E1B51600FB6667 /* ButtonView.swift */ = {isa = PBXFileReference; lastKnownFileType = sourcecode.swift; path = ButtonView.swift; sourceTree = "<group>"; };
		27CC34A029E1B56600FB6667 /* Constants.swift */ = {isa = PBXFileReference; lastKnownFileType = sourcecode.swift; path = Constants.swift; sourceTree = "<group>"; };
		27CC34A229E1B5B800FB6667 /* UIColor+Extension.swift */ = {isa = PBXFileReference; lastKnownFileType = sourcecode.swift; path = "UIColor+Extension.swift"; sourceTree = "<group>"; };
		27CC34A429E1B5FA00FB6667 /* HorizontalTagCollectionViewCell.swift */ = {isa = PBXFileReference; lastKnownFileType = sourcecode.swift; path = HorizontalTagCollectionViewCell.swift; sourceTree = "<group>"; };
		27CC34A629E1B68600FB6667 /* README.md */ = {isa = PBXFileReference; lastKnownFileType = net.daringfireball.markdown; path = README.md; sourceTree = "<group>"; };
		27CC34A729E1BCF600FB6667 /* HomeViewController.swift */ = {isa = PBXFileReference; lastKnownFileType = sourcecode.swift; path = HomeViewController.swift; sourceTree = "<group>"; };
		27DAA1A829EB64C100C8F3B8 /* APICaller.swift */ = {isa = PBXFileReference; lastKnownFileType = sourcecode.swift; path = APICaller.swift; sourceTree = "<group>"; };
		27DAA1AA29EB6DDD00C8F3B8 /* YoutubeSearchResponse.swift */ = {isa = PBXFileReference; lastKnownFileType = sourcecode.swift; path = YoutubeSearchResponse.swift; sourceTree = "<group>"; };
		27DAA1AC29EB705100C8F3B8 /* HomeStore.swift */ = {isa = PBXFileReference; lastKnownFileType = sourcecode.swift; path = HomeStore.swift; sourceTree = "<group>"; };
		27F09FB429EC1530000D003D /* Movies.xcdatamodel */ = {isa = PBXFileReference; lastKnownFileType = wrapper.xcdatamodel; path = Movies.xcdatamodel; sourceTree = "<group>"; };
		A262EE1029E9685C0073AF39 /* PopUpViewController.swift */ = {isa = PBXFileReference; lastKnownFileType = sourcecode.swift; path = PopUpViewController.swift; sourceTree = "<group>"; };
		A2EBFF7929DC162400715794 /* Theme.swift */ = {isa = PBXFileReference; lastKnownFileType = sourcecode.swift; path = Theme.swift; sourceTree = "<group>"; };
/* End PBXFileReference section */

/* Begin PBXFrameworksBuildPhase section */
		275F4F2A29DA404900FCBF0E /* Frameworks */ = {
			isa = PBXFrameworksBuildPhase;
			buildActionMask = 2147483647;
			files = (
				279AD65229E8F251005D04B8 /* FirebaseFirestoreSwift in Frameworks */,
				27C4498229E309C400D87E39 /* Kingfisher in Frameworks */,
				2798986329EAA6AC0076A8AE /* GoogleSignInSwift in Frameworks */,
				279AD65029E8F251005D04B8 /* FirebaseFirestore in Frameworks */,
				279AD64E29E8F251005D04B8 /* FirebaseAuth in Frameworks */,
				279637C029EB0A6100663B57 /* FirebaseStorage in Frameworks */,
				27C4499129E3901700D87E39 /* SnapKit in Frameworks */,
				2798986129EAA6AC0076A8AE /* GoogleSignIn in Frameworks */,
			);
			runOnlyForDeploymentPostprocessing = 0;
		};
/* End PBXFrameworksBuildPhase section */

/* Begin PBXGroup section */
		10247AEB29EAAA0F00AE7A47 /* NetworkManager */ = {
			isa = PBXGroup;
			children = (
				18691E4729E44A7000819CFC /* APIService.swift */,
				10247AEC29EAC19400AE7A47 /* NetworkManager.swift */,
			);
			path = NetworkManager;
			sourceTree = "<group>";
		};
		10359A0F29E5B8D60030ADB8 /* Filter */ = {
			isa = PBXGroup;
			children = (
				103599D829E2B6EC0030ADB8 /* FilterViewController.swift */,
				10359A0929E446F50030ADB8 /* PresentationManager.swift */,
				10359A0B29E448EE0030ADB8 /* SlideInPresentationController.swift */,
			);
			path = Filter;
			sourceTree = "<group>";
		};
		1035BD1629E0D621004C2AC3 /* ProfileScreen */ = {
			isa = PBXGroup;
			children = (
				1035BD1929E0D6A2004C2AC3 /* Cell */,
				1035BD1729E0D676004C2AC3 /* ProfileViewController.swift */,
				A262EE1029E9685C0073AF39 /* PopUpViewController.swift */,
			);
			path = ProfileScreen;
			sourceTree = "<group>";
		};
		1035BD1929E0D6A2004C2AC3 /* Cell */ = {
			isa = PBXGroup;
			children = (
				1035BD1A29E0D6DD004C2AC3 /* FormCell.swift */,
				1035BD1C29E0D780004C2AC3 /* GenderCell.swift */,
				1035BD1E29E0D7C3004C2AC3 /* ButtonActionCell.swift */,
				1035BD2029E0D7EB004C2AC3 /* UserImageCell.swift */,
			);
			path = Cell;
			sourceTree = "<group>";
		};
		10740FC729E9407B0099194F /* SignUp */ = {
			isa = PBXGroup;
			children = (
				10740FC829E942CC0099194F /* Cell */,
				10740FC529E93D7F0099194F /* SignUpViewController.swift */,
				279637BA29EAE57A00663B57 /* SignUpStore.swift */,
			);
			path = SignUp;
			sourceTree = "<group>";
		};
		10740FC829E942CC0099194F /* Cell */ = {
			isa = PBXGroup;
			children = (
				10740FC929E948900099194F /* HeaderCell.swift */,
				10740FCB29E967A60099194F /* LoginCell.swift */,
			);
			path = Cell;
			sourceTree = "<group>";
		};
		275A1FB729DF9AD300426D94 /* App */ = {
			isa = PBXGroup;
			children = (
				275F4F3029DA404900FCBF0E /* AppDelegate.swift */,
				275F4F3229DA404900FCBF0E /* SceneDelegate.swift */,
				275A1FC329DF9C4100426D94 /* AppCoordinator.swift */,
				279AD66229E929B3005D04B8 /* Settings.swift */,
			);
			path = App;
			sourceTree = "<group>";
		};
		275A1FBA29DF9B2700426D94 /* Navigation */ = {
			isa = PBXGroup;
			children = (
				275A1FB829DF9B1600426D94 /* BaseCoordinator.swift */,
				275A1FBF29DF9BD200426D94 /* BaseViewController.swift */,
				275A1FBD29DF9B6F00426D94 /* Router.swift */,
				270A656629E08DB100C36C27 /* BottomSheetController.swift */,
				270A656829E08DF300C36C27 /* BottomSheetTransitioningDelegate.swift */,
			);
			path = Navigation;
			sourceTree = "<group>";
		};
		275A1FBB29DF9B4700426D94 /* Base */ = {
			isa = PBXGroup;
			children = (
				275A1FBA29DF9B2700426D94 /* Navigation */,
				27C4497E29E3097D00D87E39 /* InlineConfigurable.swift */,
				27C4499329E3903900D87E39 /* Bridge */,
			);
			path = Base;
			sourceTree = "<group>";
		};
		275A1FBC29DF9B5400426D94 /* Core */ = {
			isa = PBXGroup;
			children = (
				27A497E429EC179300623F92 /* Manager */,
				10247AEB29EAAA0F00AE7A47 /* NetworkManager */,
				27DAA1A629EB634000C8F3B8 /* Network */,
				275A1FD329DFACB200426D94 /* Extension */,
				275A1FBB29DF9B4700426D94 /* Base */,
				2798986629EAB90D0076A8AE /* Store.swift */,
			);
			path = Core;
			sourceTree = "<group>";
		};
		275A1FC129DF9C0D00426D94 /* Splash */ = {
			isa = PBXGroup;
			children = (
				106FFB9529DF1A74002D7A94 /* SplashScreenViewController.swift */,
				275A1FC529DF9C6600426D94 /* SplashCoordinator.swift */,
			);
			path = Splash;
			sourceTree = "<group>";
		};
		275A1FC229DF9C1A00426D94 /* Feature */ = {
			isa = PBXGroup;
			children = (
				275A1FD929DFAFD300426D94 /* TabBar */,
				275A1FC129DF9C0D00426D94 /* Splash */,
				275A1FC929DF9CD500426D94 /* Onboarding */,
				275A1FCE29DF9D1700426D94 /* Auth */,
			);
			path = Feature;
			sourceTree = "<group>";
		};
		275A1FC929DF9CD500426D94 /* Onboarding */ = {
			isa = PBXGroup;
			children = (
				275A1FC729DF9CBC00426D94 /* OnboardingCoordinator.swift */,
				18BD55E629DCB84E0000DB83 /* OnboardingSlide.swift */,
				18EEBF5929DB5A62002B5C20 /* OnboardingViewController.swift */,
				18BD55E429DC8E430000DB83 /* OnboardingCollectionViewCell.swift */,
			);
			path = Onboarding;
			sourceTree = "<group>";
		};
		275A1FCE29DF9D1700426D94 /* Auth */ = {
			isa = PBXGroup;
			children = (
				10740FC729E9407B0099194F /* SignUp */,
				2798986829EAC1D20076A8AE /* SignIn */,
				275A1FCA29DF9CE900426D94 /* AuthCoordinator.swift */,
			);
			path = Auth;
			sourceTree = "<group>";
		};
		275A1FD029DF9F4B00426D94 /* Supporting Files */ = {
			isa = PBXGroup;
			children = (
				27C9112229ECFF0B00A8D0B2 /* Views */,
				10573D2129E7100C007DD29D /* DescriptionContainer.swift */,
				10F9E3C929DC186500C7BC6A /* TextFieldView.swift */,
				10F9E3C529DB833300C7BC6A /* MainButton.swift */,
				A2EBFF7929DC162400715794 /* Theme.swift */,
				275F4F3929DA404A00FCBF0E /* Assets.xcassets */,
				275F4F3B29DA404A00FCBF0E /* LaunchScreen.storyboard */,
				279AD65329E8F27C005D04B8 /* GoogleService-Info.plist */,
				27F09FB329EC1530000D003D /* Movies.xcdatamodeld */,
				275F4F3E29DA404A00FCBF0E /* Info.plist */,
				275A1FD129DFAC9D00426D94 /* Movies.json */,
			);
			name = "Supporting Files";
			sourceTree = "<group>";
		};
		275A1FD329DFACB200426D94 /* Extension */ = {
			isa = PBXGroup;
			children = (
				275A1FD429DFACE400426D94 /* Bundle+Extensions.swift */,
				27CC34A229E1B5B800FB6667 /* UIColor+Extension.swift */,
			);
			path = Extension;
			sourceTree = "<group>";
		};
		275A1FD629DFADAC00426D94 /* Models */ = {
			isa = PBXGroup;
			children = (
				275A1FD729DFADB600426D94 /* Title.swift */,
				18691E4329E449F600819CFC /* ThemoviedbData.swift */,
				279637BC29EAEB3800663B57 /* Person.swift */,
				10247AEE29EB127800AE7A47 /* UserData.swift */,
				27DAA1AA29EB6DDD00C8F3B8 /* YoutubeSearchResponse.swift */,
			);
			path = Models;
			sourceTree = "<group>";
		};
		275A1FD929DFAFD300426D94 /* TabBar */ = {
			isa = PBXGroup;
			children = (
				27A5FB5529EB7DD200EF3266 /* TitlePreview */,
				275A1FDC29DFB03B00426D94 /* Tabbar */,
				275A1FEC29DFD1B600426D94 /* Search */,
				275A1FED29DFD1C000426D94 /* Favourites */,
				275A1FEE29DFD1CA00426D94 /* Home */,
				275A1FEF29DFD1D100426D94 /* Recent */,
				275A1FF029DFD1D900426D94 /* Profile */,
			);
			path = TabBar;
			sourceTree = "<group>";
		};
		275A1FDC29DFB03B00426D94 /* Tabbar */ = {
			isa = PBXGroup;
			children = (
				275A1FDA29DFAFFF00426D94 /* TabBarCoordinator.swift */,
				275A1FDE29DFBEEE00426D94 /* TabBarController.swift */,
				275A1FE029DFC01600426D94 /* TabItem.swift */,
			);
			path = Tabbar;
			sourceTree = "<group>";
		};
		275A1FEC29DFD1B600426D94 /* Search */ = {
			isa = PBXGroup;
			children = (
				10359A0F29E5B8D60030ADB8 /* Filter */,
				275A1FE229DFC39600426D94 /* SearchCoordinator.swift */,
				1811A5E629E30CAC0094B612 /* SearchViewController.swift */,
				1811A5EA29E31D580094B612 /* SearchTableViewCell.swift */,
			);
			path = Search;
			sourceTree = "<group>";
		};
		275A1FED29DFD1C000426D94 /* Favourites */ = {
			isa = PBXGroup;
			children = (
				275A1FE429DFC3B100426D94 /* FavouriteCoordinator.swift */,
				10573D1A29E6EAEA007DD29D /* FavouriteViewController.swift */,
				27CC030A29ECC5760055F0D7 /* FavoriteStore.swift */,
			);
			path = Favourites;
			sourceTree = "<group>";
		};
		275A1FEE29DFD1CA00426D94 /* Home */ = {
			isa = PBXGroup;
			children = (
				27A497E729EC2CB400623F92 /* Views */,
				275A1FE629DFC3CC00426D94 /* HomeCoordinator.swift */,
				27CC34A729E1BCF600FB6667 /* HomeViewController.swift */,
				27DAA1AC29EB705100C8F3B8 /* HomeStore.swift */,
				27C4498329E30A5800D87E39 /* CategoriesHeaderView.swift */,
				27C4498529E30A7200D87E39 /* CategoryCell.swift */,
				27C4498729E30AD400D87E39 /* HeroHeaderView.swift */,
			);
			path = Home;
			sourceTree = "<group>";
		};
		275A1FEF29DFD1D100426D94 /* Recent */ = {
			isa = PBXGroup;
			children = (
				275A1FE829DFC3E400426D94 /* RecentCoordinator.swift */,
				27CC349429E1B2CB00FB6667 /* RecentsViewController.swift */,
				27CC349629E1B2F700FB6667 /* HorizontalTagCollectionView.swift */,
				27CC34A429E1B5FA00FB6667 /* HorizontalTagCollectionViewCell.swift */,
				27CC349829E1B34B00FB6667 /* MovieTableView.swift */,
				27CC349C29E1B4ED00FB6667 /* MovieTableViewCell.swift */,
				27CC349E29E1B51600FB6667 /* ButtonView.swift */,
				27CC34A029E1B56600FB6667 /* Constants.swift */,
			);
			path = Recent;
			sourceTree = "<group>";
		};
		275A1FF029DFD1D900426D94 /* Profile */ = {
			isa = PBXGroup;
			children = (
				1035BD1629E0D621004C2AC3 /* ProfileScreen */,
				27CC349329E1A50900FB6667 /* SettingsView */,
				275A1FEA29DFC40300426D94 /* ProfileCoordinator.swift */,
			);
			path = Profile;
			sourceTree = "<group>";
		};
		275F4F2429DA404900FCBF0E = {
			isa = PBXGroup;
			children = (
				27CC34A629E1B68600FB6667 /* README.md */,
				275F4F2F29DA404900FCBF0E /* MovieApp */,
				275F4F2E29DA404900FCBF0E /* Products */,
				279637BE29EB0A6100663B57 /* Frameworks */,
			);
			sourceTree = "<group>";
		};
		275F4F2E29DA404900FCBF0E /* Products */ = {
			isa = PBXGroup;
			children = (
				275F4F2D29DA404900FCBF0E /* MovieApp.app */,
			);
			name = Products;
			sourceTree = "<group>";
		};
		275F4F2F29DA404900FCBF0E /* MovieApp */ = {
			isa = PBXGroup;
			children = (
				275A1FB729DF9AD300426D94 /* App */,
				275A1FD629DFADAC00426D94 /* Models */,
				275A1FBC29DF9B5400426D94 /* Core */,
				275A1FC229DF9C1A00426D94 /* Feature */,
				275A1FD029DF9F4B00426D94 /* Supporting Files */,
			);
			path = MovieApp;
			sourceTree = "<group>";
		};
		279637BE29EB0A6100663B57 /* Frameworks */ = {
			isa = PBXGroup;
			children = (
			);
			name = Frameworks;
			sourceTree = "<group>";
		};
		2798986829EAC1D20076A8AE /* SignIn */ = {
			isa = PBXGroup;
			children = (
				10F9E3C329DB7EA000C7BC6A /* CreateAccountViewController.swift */,
				2798986929EAC1EC0076A8AE /* SignInStore.swift */,
			);
			path = SignIn;
			sourceTree = "<group>";
		};
		27A497E429EC179300623F92 /* Manager */ = {
			isa = PBXGroup;
			children = (
				27A497E529EC17AE00623F92 /* CoreDataManager.swift */,
			);
			path = Manager;
			sourceTree = "<group>";
		};
		27A497E729EC2CB400623F92 /* Views */ = {
			isa = PBXGroup;
			children = (
				27C4498929E38EB500D87E39 /* HomeCellView.swift */,
			);
			path = Views;
			sourceTree = "<group>";
		};
		27A5FB5529EB7DD200EF3266 /* TitlePreview */ = {
			isa = PBXGroup;
			children = (
				27A5FB5629EB7DF400EF3266 /* TitlePreviewViewController.swift */,
				27A5FB5829EB7E3D00EF3266 /* TitlePreviewViewModel.swift */,
			);
			path = TitlePreview;
			sourceTree = "<group>";
		};
		27C4499329E3903900D87E39 /* Bridge */ = {
			isa = PBXGroup;
			children = (
				27C4498B29E38F1600D87E39 /* BridgingCollectionViewCell.swift */,
				27C4499429E393EF00D87E39 /* BridgingRestrictedTableViewCell.swift */,
				27C4498D29E38F8000D87E39 /* RestrictedUIHostingController.swift */,
			);
			path = Bridge;
			sourceTree = "<group>";
		};
		27C9112229ECFF0B00A8D0B2 /* Views */ = {
			isa = PBXGroup;
			children = (
				27C9112329ECFF0F00A8D0B2 /* Cells */,
			);
			path = Views;
			sourceTree = "<group>";
		};
		27C9112329ECFF0F00A8D0B2 /* Cells */ = {
			isa = PBXGroup;
			children = (
				10573D1F29E6F712007DD29D /* ContentCell.swift */,
			);
			path = Cells;
			sourceTree = "<group>";
		};
		27CC349329E1A50900FB6667 /* SettingsView */ = {
			isa = PBXGroup;
			children = (
				270A656429E08AC100C36C27 /* SettingsViewController.swift */,
				2798986429EAB8760076A8AE /* SettingsStore.swift */,
			);
			path = SettingsView;
			sourceTree = "<group>";
		};
		27DAA1A629EB634000C8F3B8 /* Network */ = {
			isa = PBXGroup;
			children = (
				27DAA1A729EB64AD00C8F3B8 /* TMDB */,
				27BFBBC829EBB3BF006BA0DB /* FirebaseUserListener.swift */,
			);
			path = Network;
			sourceTree = "<group>";
		};
		27DAA1A729EB64AD00C8F3B8 /* TMDB */ = {
			isa = PBXGroup;
			children = (
				27DAA1A829EB64C100C8F3B8 /* APICaller.swift */,
			);
			path = TMDB;
			sourceTree = "<group>";
		};
/* End PBXGroup section */

/* Begin PBXNativeTarget section */
		275F4F2C29DA404900FCBF0E /* MovieApp */ = {
			isa = PBXNativeTarget;
			buildConfigurationList = 275F4F4129DA404A00FCBF0E /* Build configuration list for PBXNativeTarget "MovieApp" */;
			buildPhases = (
				275F4F2929DA404900FCBF0E /* Sources */,
				275F4F2A29DA404900FCBF0E /* Frameworks */,
				275F4F2B29DA404900FCBF0E /* Resources */,
			);
			buildRules = (
			);
			dependencies = (
			);
			name = MovieApp;
			packageProductDependencies = (
				27C4498129E309C400D87E39 /* Kingfisher */,
				27C4499029E3901700D87E39 /* SnapKit */,
				279AD64D29E8F251005D04B8 /* FirebaseAuth */,
				279AD64F29E8F251005D04B8 /* FirebaseFirestore */,
				279AD65129E8F251005D04B8 /* FirebaseFirestoreSwift */,
				2798986029EAA6AC0076A8AE /* GoogleSignIn */,
				2798986229EAA6AC0076A8AE /* GoogleSignInSwift */,
				279637BF29EB0A6100663B57 /* FirebaseStorage */,
			);
			productName = MovieApp;
			productReference = 275F4F2D29DA404900FCBF0E /* MovieApp.app */;
			productType = "com.apple.product-type.application";
		};
/* End PBXNativeTarget section */

/* Begin PBXProject section */
		275F4F2529DA404900FCBF0E /* Project object */ = {
			isa = PBXProject;
			attributes = {
				BuildIndependentTargetsInParallel = 1;
				LastSwiftUpdateCheck = 1430;
				LastUpgradeCheck = 1430;
				TargetAttributes = {
					275F4F2C29DA404900FCBF0E = {
						CreatedOnToolsVersion = 14.3;
					};
				};
			};
			buildConfigurationList = 275F4F2829DA404900FCBF0E /* Build configuration list for PBXProject "MovieApp" */;
			compatibilityVersion = "Xcode 13.0";
			developmentRegion = en;
			hasScannedForEncodings = 0;
			knownRegions = (
				en,
				Base,
			);
			mainGroup = 275F4F2429DA404900FCBF0E;
			packageReferences = (
				27C4498029E309C400D87E39 /* XCRemoteSwiftPackageReference "Kingfisher" */,
				27C4498F29E3901700D87E39 /* XCRemoteSwiftPackageReference "SnapKit" */,
				279AD64C29E8F251005D04B8 /* XCRemoteSwiftPackageReference "firebase-ios-sdk" */,
				2798985F29EAA6AC0076A8AE /* XCRemoteSwiftPackageReference "GoogleSignIn-iOS" */,
			);
			productRefGroup = 275F4F2E29DA404900FCBF0E /* Products */;
			projectDirPath = "";
			projectRoot = "";
			targets = (
				275F4F2C29DA404900FCBF0E /* MovieApp */,
			);
		};
/* End PBXProject section */

/* Begin PBXResourcesBuildPhase section */
		275F4F2B29DA404900FCBF0E /* Resources */ = {
			isa = PBXResourcesBuildPhase;
			buildActionMask = 2147483647;
			files = (
				275F4F3D29DA404A00FCBF0E /* LaunchScreen.storyboard in Resources */,
				279AD65429E8F27C005D04B8 /* GoogleService-Info.plist in Resources */,
				275F4F3A29DA404A00FCBF0E /* Assets.xcassets in Resources */,
				275A1FD229DFAC9D00426D94 /* Movies.json in Resources */,
			);
			runOnlyForDeploymentPostprocessing = 0;
		};
/* End PBXResourcesBuildPhase section */

/* Begin PBXSourcesBuildPhase section */
		275F4F2929DA404900FCBF0E /* Sources */ = {
			isa = PBXSourcesBuildPhase;
			buildActionMask = 2147483647;
			files = (
				10740FC629E93D7F0099194F /* SignUpViewController.swift in Sources */,
				27CC349529E1B2CB00FB6667 /* RecentsViewController.swift in Sources */,
				27CC34A529E1B5FA00FB6667 /* HorizontalTagCollectionViewCell.swift in Sources */,
				10247AEF29EB127800AE7A47 /* UserData.swift in Sources */,
				275A1FE929DFC3E400426D94 /* RecentCoordinator.swift in Sources */,
				27CC349929E1B34B00FB6667 /* MovieTableView.swift in Sources */,
				10740FCA29E948900099194F /* HeaderCell.swift in Sources */,
				10F9E3C429DB7EA000C7BC6A /* CreateAccountViewController.swift in Sources */,
				27CC34A829E1BCF600FB6667 /* HomeViewController.swift in Sources */,
				275A1FC629DF9C6600426D94 /* SplashCoordinator.swift in Sources */,
				10F9E3CA29DC186500C7BC6A /* TextFieldView.swift in Sources */,
				A2EBFF7A29DC162400715794 /* Theme.swift in Sources */,
				27C4497F29E3097D00D87E39 /* InlineConfigurable.swift in Sources */,
				275A1FE529DFC3B100426D94 /* FavouriteCoordinator.swift in Sources */,
				27DAA1A929EB64C100C8F3B8 /* APICaller.swift in Sources */,
				27CC349F29E1B51600FB6667 /* ButtonView.swift in Sources */,
				275A1FDF29DFBEEE00426D94 /* TabBarController.swift in Sources */,
				1035BD1D29E0D780004C2AC3 /* GenderCell.swift in Sources */,
				27CC34A129E1B56600FB6667 /* Constants.swift in Sources */,
				270A656929E08DF300C36C27 /* BottomSheetTransitioningDelegate.swift in Sources */,
				275A1FEB29DFC40300426D94 /* ProfileCoordinator.swift in Sources */,
				106FFB9629DF1A74002D7A94 /* SplashScreenViewController.swift in Sources */,
				10359A0C29E448EE0030ADB8 /* SlideInPresentationController.swift in Sources */,
				275A1FDB29DFAFFF00426D94 /* TabBarCoordinator.swift in Sources */,
				27CC34A329E1B5B800FB6667 /* UIColor+Extension.swift in Sources */,
				27F09FB529EC1530000D003D /* Movies.xcdatamodeld in Sources */,
				270A656729E08DB100C36C27 /* BottomSheetController.swift in Sources */,
				275A1FC029DF9BD200426D94 /* BaseViewController.swift in Sources */,
				103599D929E2B6EC0030ADB8 /* FilterViewController.swift in Sources */,
				275F4F3129DA404900FCBF0E /* AppDelegate.swift in Sources */,
				18BD55E529DC8E430000DB83 /* OnboardingCollectionViewCell.swift in Sources */,
				1035BD1B29E0D6DD004C2AC3 /* FormCell.swift in Sources */,
				10573D2229E7100C007DD29D /* DescriptionContainer.swift in Sources */,
				18691E4429E449F600819CFC /* ThemoviedbData.swift in Sources */,
				2798986729EAB90D0076A8AE /* Store.swift in Sources */,
				18691E4829E44A7000819CFC /* APIService.swift in Sources */,
				1035BD1829E0D676004C2AC3 /* ProfileViewController.swift in Sources */,
				275A1FB929DF9B1600426D94 /* BaseCoordinator.swift in Sources */,
				27A5FB5929EB7E3D00EF3266 /* TitlePreviewViewModel.swift in Sources */,
				10573D2029E6F712007DD29D /* ContentCell.swift in Sources */,
				275F4F3329DA404900FCBF0E /* SceneDelegate.swift in Sources */,
				1035BD2129E0D7EB004C2AC3 /* UserImageCell.swift in Sources */,
				1811A5EB29E31D580094B612 /* SearchTableViewCell.swift in Sources */,
				2798986529EAB8760076A8AE /* SettingsStore.swift in Sources */,
				27C4499529E393EF00D87E39 /* BridgingRestrictedTableViewCell.swift in Sources */,
				2798986A29EAC1EC0076A8AE /* SignInStore.swift in Sources */,
				275A1FD529DFACE400426D94 /* Bundle+Extensions.swift in Sources */,
				27C4498629E30A7200D87E39 /* CategoryCell.swift in Sources */,
				A262EE1129E9685C0073AF39 /* PopUpViewController.swift in Sources */,
				275A1FE129DFC01600426D94 /* TabItem.swift in Sources */,
				279637BD29EAEB3800663B57 /* Person.swift in Sources */,
				10F9E3C629DB833300C7BC6A /* MainButton.swift in Sources */,
				18BD55E729DCB84E0000DB83 /* OnboardingSlide.swift in Sources */,
				275A1FC429DF9C4100426D94 /* AppCoordinator.swift in Sources */,
				27C4498C29E38F1600D87E39 /* BridgingCollectionViewCell.swift in Sources */,
				10740FCC29E967A60099194F /* LoginCell.swift in Sources */,
				275A1FE729DFC3CC00426D94 /* HomeCoordinator.swift in Sources */,
				27CC349D29E1B4ED00FB6667 /* MovieTableViewCell.swift in Sources */,
				1811A5E729E30CAC0094B612 /* SearchViewController.swift in Sources */,
				10247AED29EAC19400AE7A47 /* NetworkManager.swift in Sources */,
				27BFBBC929EBB3BF006BA0DB /* FirebaseUserListener.swift in Sources */,
				27CC030B29ECC5760055F0D7 /* FavoriteStore.swift in Sources */,
				10573D1B29E6EAEA007DD29D /* FavouriteViewController.swift in Sources */,
				27C4498A29E38EB500D87E39 /* HomeCellView.swift in Sources */,
				27DAA1AD29EB705100C8F3B8 /* HomeStore.swift in Sources */,
				27A497E629EC17AE00623F92 /* CoreDataManager.swift in Sources */,
				27CC349729E1B2F700FB6667 /* HorizontalTagCollectionView.swift in Sources */,
				27DAA1AB29EB6DDD00C8F3B8 /* YoutubeSearchResponse.swift in Sources */,
				1035BD1F29E0D7C3004C2AC3 /* ButtonActionCell.swift in Sources */,
				275A1FD829DFADB600426D94 /* Title.swift in Sources */,
				270A656529E08AC100C36C27 /* SettingsViewController.swift in Sources */,
				279AD66329E929B3005D04B8 /* Settings.swift in Sources */,
				27A5FB5729EB7DF400EF3266 /* TitlePreviewViewController.swift in Sources */,
				18EEBF5A29DB5A62002B5C20 /* OnboardingViewController.swift in Sources */,
				279637BB29EAE57A00663B57 /* SignUpStore.swift in Sources */,
				10359A0A29E446F50030ADB8 /* PresentationManager.swift in Sources */,
				275A1FE329DFC39600426D94 /* SearchCoordinator.swift in Sources */,
				27C4498829E30AD400D87E39 /* HeroHeaderView.swift in Sources */,
				275A1FBE29DF9B6F00426D94 /* Router.swift in Sources */,
				275A1FCB29DF9CE900426D94 /* AuthCoordinator.swift in Sources */,
				275A1FC829DF9CBC00426D94 /* OnboardingCoordinator.swift in Sources */,
				27C4498E29E38F8000D87E39 /* RestrictedUIHostingController.swift in Sources */,
				27C4498429E30A5800D87E39 /* CategoriesHeaderView.swift in Sources */,
			);
			runOnlyForDeploymentPostprocessing = 0;
		};
/* End PBXSourcesBuildPhase section */

/* Begin PBXVariantGroup section */
		275F4F3B29DA404A00FCBF0E /* LaunchScreen.storyboard */ = {
			isa = PBXVariantGroup;
			children = (
				275F4F3C29DA404A00FCBF0E /* Base */,
			);
			name = LaunchScreen.storyboard;
			sourceTree = "<group>";
		};
/* End PBXVariantGroup section */

/* Begin XCBuildConfiguration section */
		275F4F3F29DA404A00FCBF0E /* Debug */ = {
			isa = XCBuildConfiguration;
			buildSettings = {
				ALWAYS_SEARCH_USER_PATHS = NO;
				CLANG_ANALYZER_NONNULL = YES;
				CLANG_ANALYZER_NUMBER_OBJECT_CONVERSION = YES_AGGRESSIVE;
				CLANG_CXX_LANGUAGE_STANDARD = "gnu++20";
				CLANG_ENABLE_MODULES = YES;
				CLANG_ENABLE_OBJC_ARC = YES;
				CLANG_ENABLE_OBJC_WEAK = YES;
				CLANG_WARN_BLOCK_CAPTURE_AUTORELEASING = YES;
				CLANG_WARN_BOOL_CONVERSION = YES;
				CLANG_WARN_COMMA = YES;
				CLANG_WARN_CONSTANT_CONVERSION = YES;
				CLANG_WARN_DEPRECATED_OBJC_IMPLEMENTATIONS = YES;
				CLANG_WARN_DIRECT_OBJC_ISA_USAGE = YES_ERROR;
				CLANG_WARN_DOCUMENTATION_COMMENTS = YES;
				CLANG_WARN_EMPTY_BODY = YES;
				CLANG_WARN_ENUM_CONVERSION = YES;
				CLANG_WARN_INFINITE_RECURSION = YES;
				CLANG_WARN_INT_CONVERSION = YES;
				CLANG_WARN_NON_LITERAL_NULL_CONVERSION = YES;
				CLANG_WARN_OBJC_IMPLICIT_RETAIN_SELF = YES;
				CLANG_WARN_OBJC_LITERAL_CONVERSION = YES;
				CLANG_WARN_OBJC_ROOT_CLASS = YES_ERROR;
				CLANG_WARN_QUOTED_INCLUDE_IN_FRAMEWORK_HEADER = YES;
				CLANG_WARN_RANGE_LOOP_ANALYSIS = YES;
				CLANG_WARN_STRICT_PROTOTYPES = YES;
				CLANG_WARN_SUSPICIOUS_MOVE = YES;
				CLANG_WARN_UNGUARDED_AVAILABILITY = YES_AGGRESSIVE;
				CLANG_WARN_UNREACHABLE_CODE = YES;
				CLANG_WARN__DUPLICATE_METHOD_MATCH = YES;
				COPY_PHASE_STRIP = NO;
				DEBUG_INFORMATION_FORMAT = dwarf;
				ENABLE_STRICT_OBJC_MSGSEND = YES;
				ENABLE_TESTABILITY = YES;
				GCC_C_LANGUAGE_STANDARD = gnu11;
				GCC_DYNAMIC_NO_PIC = NO;
				GCC_NO_COMMON_BLOCKS = YES;
				GCC_OPTIMIZATION_LEVEL = 0;
				GCC_PREPROCESSOR_DEFINITIONS = (
					"DEBUG=1",
					"$(inherited)",
				);
				GCC_WARN_64_TO_32_BIT_CONVERSION = YES;
				GCC_WARN_ABOUT_RETURN_TYPE = YES_ERROR;
				GCC_WARN_UNDECLARED_SELECTOR = YES;
				GCC_WARN_UNINITIALIZED_AUTOS = YES_AGGRESSIVE;
				GCC_WARN_UNUSED_FUNCTION = YES;
				GCC_WARN_UNUSED_VARIABLE = YES;
				IPHONEOS_DEPLOYMENT_TARGET = 16.4;
				MTL_ENABLE_DEBUG_INFO = INCLUDE_SOURCE;
				MTL_FAST_MATH = YES;
				ONLY_ACTIVE_ARCH = YES;
				SDKROOT = iphoneos;
				SWIFT_ACTIVE_COMPILATION_CONDITIONS = DEBUG;
				SWIFT_OPTIMIZATION_LEVEL = "-Onone";
			};
			name = Debug;
		};
		275F4F4029DA404A00FCBF0E /* Release */ = {
			isa = XCBuildConfiguration;
			buildSettings = {
				ALWAYS_SEARCH_USER_PATHS = NO;
				CLANG_ANALYZER_NONNULL = YES;
				CLANG_ANALYZER_NUMBER_OBJECT_CONVERSION = YES_AGGRESSIVE;
				CLANG_CXX_LANGUAGE_STANDARD = "gnu++20";
				CLANG_ENABLE_MODULES = YES;
				CLANG_ENABLE_OBJC_ARC = YES;
				CLANG_ENABLE_OBJC_WEAK = YES;
				CLANG_WARN_BLOCK_CAPTURE_AUTORELEASING = YES;
				CLANG_WARN_BOOL_CONVERSION = YES;
				CLANG_WARN_COMMA = YES;
				CLANG_WARN_CONSTANT_CONVERSION = YES;
				CLANG_WARN_DEPRECATED_OBJC_IMPLEMENTATIONS = YES;
				CLANG_WARN_DIRECT_OBJC_ISA_USAGE = YES_ERROR;
				CLANG_WARN_DOCUMENTATION_COMMENTS = YES;
				CLANG_WARN_EMPTY_BODY = YES;
				CLANG_WARN_ENUM_CONVERSION = YES;
				CLANG_WARN_INFINITE_RECURSION = YES;
				CLANG_WARN_INT_CONVERSION = YES;
				CLANG_WARN_NON_LITERAL_NULL_CONVERSION = YES;
				CLANG_WARN_OBJC_IMPLICIT_RETAIN_SELF = YES;
				CLANG_WARN_OBJC_LITERAL_CONVERSION = YES;
				CLANG_WARN_OBJC_ROOT_CLASS = YES_ERROR;
				CLANG_WARN_QUOTED_INCLUDE_IN_FRAMEWORK_HEADER = YES;
				CLANG_WARN_RANGE_LOOP_ANALYSIS = YES;
				CLANG_WARN_STRICT_PROTOTYPES = YES;
				CLANG_WARN_SUSPICIOUS_MOVE = YES;
				CLANG_WARN_UNGUARDED_AVAILABILITY = YES_AGGRESSIVE;
				CLANG_WARN_UNREACHABLE_CODE = YES;
				CLANG_WARN__DUPLICATE_METHOD_MATCH = YES;
				COPY_PHASE_STRIP = NO;
				DEBUG_INFORMATION_FORMAT = "dwarf-with-dsym";
				ENABLE_NS_ASSERTIONS = NO;
				ENABLE_STRICT_OBJC_MSGSEND = YES;
				GCC_C_LANGUAGE_STANDARD = gnu11;
				GCC_NO_COMMON_BLOCKS = YES;
				GCC_WARN_64_TO_32_BIT_CONVERSION = YES;
				GCC_WARN_ABOUT_RETURN_TYPE = YES_ERROR;
				GCC_WARN_UNDECLARED_SELECTOR = YES;
				GCC_WARN_UNINITIALIZED_AUTOS = YES_AGGRESSIVE;
				GCC_WARN_UNUSED_FUNCTION = YES;
				GCC_WARN_UNUSED_VARIABLE = YES;
				IPHONEOS_DEPLOYMENT_TARGET = 16.4;
				MTL_ENABLE_DEBUG_INFO = NO;
				MTL_FAST_MATH = YES;
				SDKROOT = iphoneos;
				SWIFT_COMPILATION_MODE = wholemodule;
				SWIFT_OPTIMIZATION_LEVEL = "-O";
				VALIDATE_PRODUCT = YES;
			};
			name = Release;
		};
		275F4F4229DA404A00FCBF0E /* Debug */ = {
			isa = XCBuildConfiguration;
			buildSettings = {
				ASSETCATALOG_COMPILER_APPICON_NAME = AppIcon;
				ASSETCATALOG_COMPILER_GLOBAL_ACCENT_COLOR_NAME = AccentColor;
				CODE_SIGN_STYLE = Automatic;
				CURRENT_PROJECT_VERSION = 13;
				DEVELOPMENT_TEAM = 723HTEFHBA;
				GENERATE_INFOPLIST_FILE = YES;
				INFOPLIST_FILE = MovieApp/Info.plist;
				INFOPLIST_KEY_LSApplicationCategoryType = "public.app-category.video";
				INFOPLIST_KEY_UIApplicationSupportsIndirectInputEvents = YES;
				INFOPLIST_KEY_UILaunchStoryboardName = LaunchScreen;
				INFOPLIST_KEY_UISupportedInterfaceOrientations = UIInterfaceOrientationPortrait;
				INFOPLIST_KEY_UISupportedInterfaceOrientations_iPad = "UIInterfaceOrientationLandscapeLeft UIInterfaceOrientationLandscapeRight UIInterfaceOrientationPortrait UIInterfaceOrientationPortraitUpsideDown";
				IPHONEOS_DEPLOYMENT_TARGET = 14.0;
				LD_RUNPATH_SEARCH_PATHS = (
					"$(inherited)",
					"@executable_path/Frameworks",
				);
				MARKETING_VERSION = 0.1.1;
				PRODUCT_BUNDLE_IDENTIFIER = ru.fibeapp.MovieApp.su;
				PRODUCT_NAME = "$(TARGET_NAME)";
				SWIFT_EMIT_LOC_STRINGS = YES;
				SWIFT_VERSION = 5.0;
				TARGETED_DEVICE_FAMILY = "1,2";
			};
			name = Debug;
		};
		275F4F4329DA404A00FCBF0E /* Release */ = {
			isa = XCBuildConfiguration;
			buildSettings = {
				ASSETCATALOG_COMPILER_APPICON_NAME = AppIcon;
				ASSETCATALOG_COMPILER_GLOBAL_ACCENT_COLOR_NAME = AccentColor;
				CODE_SIGN_STYLE = Automatic;
				CURRENT_PROJECT_VERSION = 13;
				DEVELOPMENT_TEAM = 723HTEFHBA;
				GENERATE_INFOPLIST_FILE = YES;
				INFOPLIST_FILE = MovieApp/Info.plist;
				INFOPLIST_KEY_LSApplicationCategoryType = "public.app-category.video";
				INFOPLIST_KEY_UIApplicationSupportsIndirectInputEvents = YES;
				INFOPLIST_KEY_UILaunchStoryboardName = LaunchScreen;
				INFOPLIST_KEY_UISupportedInterfaceOrientations = UIInterfaceOrientationPortrait;
				INFOPLIST_KEY_UISupportedInterfaceOrientations_iPad = "UIInterfaceOrientationLandscapeLeft UIInterfaceOrientationLandscapeRight UIInterfaceOrientationPortrait UIInterfaceOrientationPortraitUpsideDown";
				IPHONEOS_DEPLOYMENT_TARGET = 14.0;
				LD_RUNPATH_SEARCH_PATHS = (
					"$(inherited)",
					"@executable_path/Frameworks",
				);
				MARKETING_VERSION = 0.1.1;
				PRODUCT_BUNDLE_IDENTIFIER = ru.fibeapp.MovieApp.su;
				PRODUCT_NAME = "$(TARGET_NAME)";
				SWIFT_EMIT_LOC_STRINGS = YES;
				SWIFT_VERSION = 5.0;
				TARGETED_DEVICE_FAMILY = "1,2";
			};
			name = Release;
		};
/* End XCBuildConfiguration section */

/* Begin XCConfigurationList section */
		275F4F2829DA404900FCBF0E /* Build configuration list for PBXProject "MovieApp" */ = {
			isa = XCConfigurationList;
			buildConfigurations = (
				275F4F3F29DA404A00FCBF0E /* Debug */,
				275F4F4029DA404A00FCBF0E /* Release */,
			);
			defaultConfigurationIsVisible = 0;
			defaultConfigurationName = Release;
		};
		275F4F4129DA404A00FCBF0E /* Build configuration list for PBXNativeTarget "MovieApp" */ = {
			isa = XCConfigurationList;
			buildConfigurations = (
				275F4F4229DA404A00FCBF0E /* Debug */,
				275F4F4329DA404A00FCBF0E /* Release */,
			);
			defaultConfigurationIsVisible = 0;
			defaultConfigurationName = Release;
		};
/* End XCConfigurationList section */

/* Begin XCRemoteSwiftPackageReference section */
		2798985F29EAA6AC0076A8AE /* XCRemoteSwiftPackageReference "GoogleSignIn-iOS" */ = {
			isa = XCRemoteSwiftPackageReference;
			repositoryURL = "https://github.com/google/GoogleSignIn-iOS.git";
			requirement = {
				kind = upToNextMajorVersion;
				minimumVersion = 7.0.0;
			};
		};
		279AD64C29E8F251005D04B8 /* XCRemoteSwiftPackageReference "firebase-ios-sdk" */ = {
			isa = XCRemoteSwiftPackageReference;
			repositoryURL = "https://github.com/firebase/firebase-ios-sdk";
			requirement = {
				kind = upToNextMajorVersion;
				minimumVersion = 10.0.0;
			};
		};
		27C4498029E309C400D87E39 /* XCRemoteSwiftPackageReference "Kingfisher" */ = {
			isa = XCRemoteSwiftPackageReference;
			repositoryURL = "https://github.com/onevcat/Kingfisher.git";
			requirement = {
				kind = upToNextMajorVersion;
				minimumVersion = 7.0.0;
			};
		};
		27C4498F29E3901700D87E39 /* XCRemoteSwiftPackageReference "SnapKit" */ = {
			isa = XCRemoteSwiftPackageReference;
			repositoryURL = "https://github.com/SnapKit/SnapKit.git";
			requirement = {
				kind = upToNextMajorVersion;
				minimumVersion = 5.0.0;
			};
		};
/* End XCRemoteSwiftPackageReference section */

/* Begin XCSwiftPackageProductDependency section */
		279637BF29EB0A6100663B57 /* FirebaseStorage */ = {
			isa = XCSwiftPackageProductDependency;
			package = 279AD64C29E8F251005D04B8 /* XCRemoteSwiftPackageReference "firebase-ios-sdk" */;
			productName = FirebaseStorage;
		};
		2798986029EAA6AC0076A8AE /* GoogleSignIn */ = {
			isa = XCSwiftPackageProductDependency;
			package = 2798985F29EAA6AC0076A8AE /* XCRemoteSwiftPackageReference "GoogleSignIn-iOS" */;
			productName = GoogleSignIn;
		};
		2798986229EAA6AC0076A8AE /* GoogleSignInSwift */ = {
			isa = XCSwiftPackageProductDependency;
			package = 2798985F29EAA6AC0076A8AE /* XCRemoteSwiftPackageReference "GoogleSignIn-iOS" */;
			productName = GoogleSignInSwift;
		};
		279AD64D29E8F251005D04B8 /* FirebaseAuth */ = {
			isa = XCSwiftPackageProductDependency;
			package = 279AD64C29E8F251005D04B8 /* XCRemoteSwiftPackageReference "firebase-ios-sdk" */;
			productName = FirebaseAuth;
		};
		279AD64F29E8F251005D04B8 /* FirebaseFirestore */ = {
			isa = XCSwiftPackageProductDependency;
			package = 279AD64C29E8F251005D04B8 /* XCRemoteSwiftPackageReference "firebase-ios-sdk" */;
			productName = FirebaseFirestore;
		};
		279AD65129E8F251005D04B8 /* FirebaseFirestoreSwift */ = {
			isa = XCSwiftPackageProductDependency;
			package = 279AD64C29E8F251005D04B8 /* XCRemoteSwiftPackageReference "firebase-ios-sdk" */;
			productName = FirebaseFirestoreSwift;
		};
		27C4498129E309C400D87E39 /* Kingfisher */ = {
			isa = XCSwiftPackageProductDependency;
			package = 27C4498029E309C400D87E39 /* XCRemoteSwiftPackageReference "Kingfisher" */;
			productName = Kingfisher;
		};
		27C4499029E3901700D87E39 /* SnapKit */ = {
			isa = XCSwiftPackageProductDependency;
			package = 27C4498F29E3901700D87E39 /* XCRemoteSwiftPackageReference "SnapKit" */;
			productName = SnapKit;
		};
/* End XCSwiftPackageProductDependency section */

/* Begin XCVersionGroup section */
		27F09FB329EC1530000D003D /* Movies.xcdatamodeld */ = {
			isa = XCVersionGroup;
			children = (
				27F09FB429EC1530000D003D /* Movies.xcdatamodel */,
			);
			currentVersion = 27F09FB429EC1530000D003D /* Movies.xcdatamodel */;
			path = Movies.xcdatamodeld;
			sourceTree = "<group>";
			versionGroupType = wrapper.xcdatamodel;
		};
/* End XCVersionGroup section */
	};
	rootObject = 275F4F2529DA404900FCBF0E /* Project object */;
}
