// !$*UTF8*$!
{
	archiveVersion = 1;
	classes = {
	};
	objectVersion = 56;
	objects = {

/* Begin PBXBuildFile section */
		18A4254A29DADC5C004AF652 /* BackButtonView.swift in Sources */ = {isa = PBXBuildFile; fileRef = 18A4254929DADC5C004AF652 /* BackButtonView.swift */; };
		18A4254C29DAF049004AF652 /* ButtonView.swift in Sources */ = {isa = PBXBuildFile; fileRef = 18A4254B29DAF049004AF652 /* ButtonView.swift */; };
		18A4254E29DB00D8004AF652 /* RegisterTableViewCell.swift in Sources */ = {isa = PBXBuildFile; fileRef = 18A4254D29DB00D8004AF652 /* RegisterTableViewCell.swift */; };
		18A4255029DB0A70004AF652 /* Constants.swift in Sources */ = {isa = PBXBuildFile; fileRef = 18A4254F29DB0A70004AF652 /* Constants.swift */; };
		18A4255229DB0AAD004AF652 /* UIcolor + hexString.swift in Sources */ = {isa = PBXBuildFile; fileRef = 18A4255129DB0AAD004AF652 /* UIcolor + hexString.swift */; };
		18A4255829DC088A004AF652 /* FavouritesViewController.swift in Sources */ = {isa = PBXBuildFile; fileRef = 18A4255729DC088A004AF652 /* FavouritesViewController.swift */; };
		18A4255A29DC09D3004AF652 /* MovieTableView.swift in Sources */ = {isa = PBXBuildFile; fileRef = 18A4255929DC09D3004AF652 /* MovieTableView.swift */; };
		18A4255C29DC58DB004AF652 /* MovieTableViewCell.swift in Sources */ = {isa = PBXBuildFile; fileRef = 18A4255B29DC58DB004AF652 /* MovieTableViewCell.swift */; };
		275F4F3129DA404900FCBF0E /* AppDelegate.swift in Sources */ = {isa = PBXBuildFile; fileRef = 275F4F3029DA404900FCBF0E /* AppDelegate.swift */; };
		275F4F3329DA404900FCBF0E /* SceneDelegate.swift in Sources */ = {isa = PBXBuildFile; fileRef = 275F4F3229DA404900FCBF0E /* SceneDelegate.swift */; };
		275F4F3529DA404900FCBF0E /* ViewController.swift in Sources */ = {isa = PBXBuildFile; fileRef = 275F4F3429DA404900FCBF0E /* ViewController.swift */; };
		275F4F3829DA404900FCBF0E /* Main.storyboard in Resources */ = {isa = PBXBuildFile; fileRef = 275F4F3629DA404900FCBF0E /* Main.storyboard */; };
		275F4F3A29DA404A00FCBF0E /* Assets.xcassets in Resources */ = {isa = PBXBuildFile; fileRef = 275F4F3929DA404A00FCBF0E /* Assets.xcassets */; };
		275F4F3D29DA404A00FCBF0E /* LaunchScreen.storyboard in Resources */ = {isa = PBXBuildFile; fileRef = 275F4F3B29DA404A00FCBF0E /* LaunchScreen.storyboard */; };
/* End PBXBuildFile section */

/* Begin PBXFileReference section */
		18A4254929DADC5C004AF652 /* BackButtonView.swift */ = {isa = PBXFileReference; lastKnownFileType = sourcecode.swift; path = BackButtonView.swift; sourceTree = "<group>"; };
		18A4254B29DAF049004AF652 /* ButtonView.swift */ = {isa = PBXFileReference; lastKnownFileType = sourcecode.swift; path = ButtonView.swift; sourceTree = "<group>"; };
		18A4254D29DB00D8004AF652 /* RegisterTableViewCell.swift */ = {isa = PBXFileReference; lastKnownFileType = sourcecode.swift; path = RegisterTableViewCell.swift; sourceTree = "<group>"; };
		18A4254F29DB0A70004AF652 /* Constants.swift */ = {isa = PBXFileReference; lastKnownFileType = sourcecode.swift; path = Constants.swift; sourceTree = "<group>"; };
		18A4255129DB0AAD004AF652 /* UIcolor + hexString.swift */ = {isa = PBXFileReference; lastKnownFileType = sourcecode.swift; path = "UIcolor + hexString.swift"; sourceTree = "<group>"; };
		18A4255729DC088A004AF652 /* FavouritesViewController.swift */ = {isa = PBXFileReference; lastKnownFileType = sourcecode.swift; path = FavouritesViewController.swift; sourceTree = "<group>"; };
		18A4255929DC09D3004AF652 /* MovieTableView.swift */ = {isa = PBXFileReference; lastKnownFileType = sourcecode.swift; path = MovieTableView.swift; sourceTree = "<group>"; };
		18A4255B29DC58DB004AF652 /* MovieTableViewCell.swift */ = {isa = PBXFileReference; lastKnownFileType = sourcecode.swift; path = MovieTableViewCell.swift; sourceTree = "<group>"; };
		275F4F2D29DA404900FCBF0E /* MovieApp.app */ = {isa = PBXFileReference; explicitFileType = wrapper.application; includeInIndex = 0; path = MovieApp.app; sourceTree = BUILT_PRODUCTS_DIR; };
		275F4F3029DA404900FCBF0E /* AppDelegate.swift */ = {isa = PBXFileReference; lastKnownFileType = sourcecode.swift; path = AppDelegate.swift; sourceTree = "<group>"; };
		275F4F3229DA404900FCBF0E /* SceneDelegate.swift */ = {isa = PBXFileReference; lastKnownFileType = sourcecode.swift; path = SceneDelegate.swift; sourceTree = "<group>"; };
		275F4F3429DA404900FCBF0E /* ViewController.swift */ = {isa = PBXFileReference; lastKnownFileType = sourcecode.swift; path = ViewController.swift; sourceTree = "<group>"; };
		275F4F3729DA404900FCBF0E /* Base */ = {isa = PBXFileReference; lastKnownFileType = file.storyboard; name = Base; path = Base.lproj/Main.storyboard; sourceTree = "<group>"; };
		275F4F3929DA404A00FCBF0E /* Assets.xcassets */ = {isa = PBXFileReference; lastKnownFileType = folder.assetcatalog; path = Assets.xcassets; sourceTree = "<group>"; };
		275F4F3C29DA404A00FCBF0E /* Base */ = {isa = PBXFileReference; lastKnownFileType = file.storyboard; name = Base; path = Base.lproj/LaunchScreen.storyboard; sourceTree = "<group>"; };
		275F4F3E29DA404A00FCBF0E /* Info.plist */ = {isa = PBXFileReference; lastKnownFileType = text.plist.xml; path = Info.plist; sourceTree = "<group>"; };
/* End PBXFileReference section */

/* Begin PBXFrameworksBuildPhase section */
		275F4F2A29DA404900FCBF0E /* Frameworks */ = {
			isa = PBXFrameworksBuildPhase;
			buildActionMask = 2147483647;
			files = (
			);
			runOnlyForDeploymentPostprocessing = 0;
		};
/* End PBXFrameworksBuildPhase section */

/* Begin PBXGroup section */
		18A4255329DB0ABD004AF652 /* Extensions  */ = {
			isa = PBXGroup;
			children = (
				18A4255129DB0AAD004AF652 /* UIcolor + hexString.swift */,
			);
			path = "Extensions ";
			sourceTree = "<group>";
		};
		18A4255429DB0AC6004AF652 /* Model */ = {
			isa = PBXGroup;
			children = (
				18A4254F29DB0A70004AF652 /* Constants.swift */,
			);
			path = Model;
			sourceTree = "<group>";
		};
		18A4255529DB0AD2004AF652 /* View */ = {
			isa = PBXGroup;
			children = (
				18A4254D29DB00D8004AF652 /* RegisterTableViewCell.swift */,
				18A4254929DADC5C004AF652 /* BackButtonView.swift */,
				18A4254B29DAF049004AF652 /* ButtonView.swift */,
			);
			path = View;
			sourceTree = "<group>";
		};
		18A4255629DB0ADD004AF652 /* Controllers */ = {
			isa = PBXGroup;
			children = (
				18A4255729DC088A004AF652 /* FavouritesViewController.swift */,
				275F4F3429DA404900FCBF0E /* ViewController.swift */,
				18A4255929DC09D3004AF652 /* MovieTableView.swift */,
				18A4255B29DC58DB004AF652 /* MovieTableViewCell.swift */,
			);
			path = Controllers;
			sourceTree = "<group>";
		};
		275F4F2429DA404900FCBF0E = {
			isa = PBXGroup;
			children = (
				275F4F2F29DA404900FCBF0E /* MovieApp */,
				275F4F2E29DA404900FCBF0E /* Products */,
			);
			sourceTree = "<group>";
		};
		275F4F2E29DA404900FCBF0E /* Products */ = {
			isa = PBXGroup;
			children = (
				275F4F2D29DA404900FCBF0E /* MovieApp.app */,
			);
			name = Products;
			sourceTree = "<group>";
		};
		275F4F2F29DA404900FCBF0E /* MovieApp */ = {
			isa = PBXGroup;
			children = (
				275F4F3029DA404900FCBF0E /* AppDelegate.swift */,
				275F4F3229DA404900FCBF0E /* SceneDelegate.swift */,
				18A4255629DB0ADD004AF652 /* Controllers */,
				18A4255529DB0AD2004AF652 /* View */,
				18A4255429DB0AC6004AF652 /* Model */,
				18A4255329DB0ABD004AF652 /* Extensions  */,
				275F4F3629DA404900FCBF0E /* Main.storyboard */,
				275F4F3929DA404A00FCBF0E /* Assets.xcassets */,
				275F4F3B29DA404A00FCBF0E /* LaunchScreen.storyboard */,
				275F4F3E29DA404A00FCBF0E /* Info.plist */,
			);
			path = MovieApp;
			sourceTree = "<group>";
		};
/* End PBXGroup section */

/* Begin PBXNativeTarget section */
		275F4F2C29DA404900FCBF0E /* MovieApp */ = {
			isa = PBXNativeTarget;
			buildConfigurationList = 275F4F4129DA404A00FCBF0E /* Build configuration list for PBXNativeTarget "MovieApp" */;
			buildPhases = (
				275F4F2929DA404900FCBF0E /* Sources */,
				275F4F2A29DA404900FCBF0E /* Frameworks */,
				275F4F2B29DA404900FCBF0E /* Resources */,
			);
			buildRules = (
			);
			dependencies = (
			);
			name = MovieApp;
			productName = MovieApp;
			productReference = 275F4F2D29DA404900FCBF0E /* MovieApp.app */;
			productType = "com.apple.product-type.application";
		};
/* End PBXNativeTarget section */

/* Begin PBXProject section */
		275F4F2529DA404900FCBF0E /* Project object */ = {
			isa = PBXProject;
			attributes = {
				BuildIndependentTargetsInParallel = 1;
				LastSwiftUpdateCheck = 1430;
				LastUpgradeCheck = 1430;
				TargetAttributes = {
					275F4F2C29DA404900FCBF0E = {
						CreatedOnToolsVersion = 14.3;
					};
				};
			};
			buildConfigurationList = 275F4F2829DA404900FCBF0E /* Build configuration list for PBXProject "MovieApp" */;
			compatibilityVersion = "Xcode 14.0";
			developmentRegion = en;
			hasScannedForEncodings = 0;
			knownRegions = (
				en,
				Base,
			);
			mainGroup = 275F4F2429DA404900FCBF0E;
			productRefGroup = 275F4F2E29DA404900FCBF0E /* Products */;
			projectDirPath = "";
			projectRoot = "";
			targets = (
				275F4F2C29DA404900FCBF0E /* MovieApp */,
			);
		};
/* End PBXProject section */

/* Begin PBXResourcesBuildPhase section */
		275F4F2B29DA404900FCBF0E /* Resources */ = {
			isa = PBXResourcesBuildPhase;
			buildActionMask = 2147483647;
			files = (
				275F4F3D29DA404A00FCBF0E /* LaunchScreen.storyboard in Resources */,
				275F4F3A29DA404A00FCBF0E /* Assets.xcassets in Resources */,
				275F4F3829DA404900FCBF0E /* Main.storyboard in Resources */,
			);
			runOnlyForDeploymentPostprocessing = 0;
		};
/* End PBXResourcesBuildPhase section */

/* Begin PBXSourcesBuildPhase section */
		275F4F2929DA404900FCBF0E /* Sources */ = {
			isa = PBXSourcesBuildPhase;
			buildActionMask = 2147483647;
			files = (
				18A4255829DC088A004AF652 /* FavouritesViewController.swift in Sources */,
				18A4255229DB0AAD004AF652 /* UIcolor + hexString.swift in Sources */,
				275F4F3529DA404900FCBF0E /* ViewController.swift in Sources */,
				275F4F3129DA404900FCBF0E /* AppDelegate.swift in Sources */,
				18A4254C29DAF049004AF652 /* ButtonView.swift in Sources */,
				275F4F3329DA404900FCBF0E /* SceneDelegate.swift in Sources */,
				18A4255029DB0A70004AF652 /* Constants.swift in Sources */,
				18A4254E29DB00D8004AF652 /* RegisterTableViewCell.swift in Sources */,
				18A4255A29DC09D3004AF652 /* MovieTableView.swift in Sources */,
				18A4255C29DC58DB004AF652 /* MovieTableViewCell.swift in Sources */,
				18A4254A29DADC5C004AF652 /* BackButtonView.swift in Sources */,
			);
			runOnlyForDeploymentPostprocessing = 0;
		};
/* End PBXSourcesBuildPhase section */

/* Begin PBXVariantGroup section */
		275F4F3629DA404900FCBF0E /* Main.storyboard */ = {
			isa = PBXVariantGroup;
			children = (
				275F4F3729DA404900FCBF0E /* Base */,
			);
			name = Main.storyboard;
			sourceTree = "<group>";
		};
		275F4F3B29DA404A00FCBF0E /* LaunchScreen.storyboard */ = {
			isa = PBXVariantGroup;
			children = (
				275F4F3C29DA404A00FCBF0E /* Base */,
			);
			name = LaunchScreen.storyboard;
			sourceTree = "<group>";
		};
/* End PBXVariantGroup section */

/* Begin XCBuildConfiguration section */
		275F4F3F29DA404A00FCBF0E /* Debug */ = {
			isa = XCBuildConfiguration;
			buildSettings = {
				ALWAYS_SEARCH_USER_PATHS = NO;
				CLANG_ANALYZER_NONNULL = YES;
				CLANG_ANALYZER_NUMBER_OBJECT_CONVERSION = YES_AGGRESSIVE;
				CLANG_CXX_LANGUAGE_STANDARD = "gnu++20";
				CLANG_ENABLE_MODULES = YES;
				CLANG_ENABLE_OBJC_ARC = YES;
				CLANG_ENABLE_OBJC_WEAK = YES;
				CLANG_WARN_BLOCK_CAPTURE_AUTORELEASING = YES;
				CLANG_WARN_BOOL_CONVERSION = YES;
				CLANG_WARN_COMMA = YES;
				CLANG_WARN_CONSTANT_CONVERSION = YES;
				CLANG_WARN_DEPRECATED_OBJC_IMPLEMENTATIONS = YES;
				CLANG_WARN_DIRECT_OBJC_ISA_USAGE = YES_ERROR;
				CLANG_WARN_DOCUMENTATION_COMMENTS = YES;
				CLANG_WARN_EMPTY_BODY = YES;
				CLANG_WARN_ENUM_CONVERSION = YES;
				CLANG_WARN_INFINITE_RECURSION = YES;
				CLANG_WARN_INT_CONVERSION = YES;
				CLANG_WARN_NON_LITERAL_NULL_CONVERSION = YES;
				CLANG_WARN_OBJC_IMPLICIT_RETAIN_SELF = YES;
				CLANG_WARN_OBJC_LITERAL_CONVERSION = YES;
				CLANG_WARN_OBJC_ROOT_CLASS = YES_ERROR;
				CLANG_WARN_QUOTED_INCLUDE_IN_FRAMEWORK_HEADER = YES;
				CLANG_WARN_RANGE_LOOP_ANALYSIS = YES;
				CLANG_WARN_STRICT_PROTOTYPES = YES;
				CLANG_WARN_SUSPICIOUS_MOVE = YES;
				CLANG_WARN_UNGUARDED_AVAILABILITY = YES_AGGRESSIVE;
				CLANG_WARN_UNREACHABLE_CODE = YES;
				CLANG_WARN__DUPLICATE_METHOD_MATCH = YES;
				COPY_PHASE_STRIP = NO;
				DEBUG_INFORMATION_FORMAT = dwarf;
				ENABLE_STRICT_OBJC_MSGSEND = YES;
				ENABLE_TESTABILITY = YES;
				GCC_C_LANGUAGE_STANDARD = gnu11;
				GCC_DYNAMIC_NO_PIC = NO;
				GCC_NO_COMMON_BLOCKS = YES;
				GCC_OPTIMIZATION_LEVEL = 0;
				GCC_PREPROCESSOR_DEFINITIONS = (
					"DEBUG=1",
					"$(inherited)",
				);
				GCC_WARN_64_TO_32_BIT_CONVERSION = YES;
				GCC_WARN_ABOUT_RETURN_TYPE = YES_ERROR;
				GCC_WARN_UNDECLARED_SELECTOR = YES;
				GCC_WARN_UNINITIALIZED_AUTOS = YES_AGGRESSIVE;
				GCC_WARN_UNUSED_FUNCTION = YES;
				GCC_WARN_UNUSED_VARIABLE = YES;
				IPHONEOS_DEPLOYMENT_TARGET = 16.4;
				MTL_ENABLE_DEBUG_INFO = INCLUDE_SOURCE;
				MTL_FAST_MATH = YES;
				ONLY_ACTIVE_ARCH = YES;
				SDKROOT = iphoneos;
				SWIFT_ACTIVE_COMPILATION_CONDITIONS = DEBUG;
				SWIFT_OPTIMIZATION_LEVEL = "-Onone";
			};
			name = Debug;
		};
		275F4F4029DA404A00FCBF0E /* Release */ = {
			isa = XCBuildConfiguration;
			buildSettings = {
				ALWAYS_SEARCH_USER_PATHS = NO;
				CLANG_ANALYZER_NONNULL = YES;
				CLANG_ANALYZER_NUMBER_OBJECT_CONVERSION = YES_AGGRESSIVE;
				CLANG_CXX_LANGUAGE_STANDARD = "gnu++20";
				CLANG_ENABLE_MODULES = YES;
				CLANG_ENABLE_OBJC_ARC = YES;
				CLANG_ENABLE_OBJC_WEAK = YES;
				CLANG_WARN_BLOCK_CAPTURE_AUTORELEASING = YES;
				CLANG_WARN_BOOL_CONVERSION = YES;
				CLANG_WARN_COMMA = YES;
				CLANG_WARN_CONSTANT_CONVERSION = YES;
				CLANG_WARN_DEPRECATED_OBJC_IMPLEMENTATIONS = YES;
				CLANG_WARN_DIRECT_OBJC_ISA_USAGE = YES_ERROR;
				CLANG_WARN_DOCUMENTATION_COMMENTS = YES;
				CLANG_WARN_EMPTY_BODY = YES;
				CLANG_WARN_ENUM_CONVERSION = YES;
				CLANG_WARN_INFINITE_RECURSION = YES;
				CLANG_WARN_INT_CONVERSION = YES;
				CLANG_WARN_NON_LITERAL_NULL_CONVERSION = YES;
				CLANG_WARN_OBJC_IMPLICIT_RETAIN_SELF = YES;
				CLANG_WARN_OBJC_LITERAL_CONVERSION = YES;
				CLANG_WARN_OBJC_ROOT_CLASS = YES_ERROR;
				CLANG_WARN_QUOTED_INCLUDE_IN_FRAMEWORK_HEADER = YES;
				CLANG_WARN_RANGE_LOOP_ANALYSIS = YES;
				CLANG_WARN_STRICT_PROTOTYPES = YES;
				CLANG_WARN_SUSPICIOUS_MOVE = YES;
				CLANG_WARN_UNGUARDED_AVAILABILITY = YES_AGGRESSIVE;
				CLANG_WARN_UNREACHABLE_CODE = YES;
				CLANG_WARN__DUPLICATE_METHOD_MATCH = YES;
				COPY_PHASE_STRIP = NO;
				DEBUG_INFORMATION_FORMAT = "dwarf-with-dsym";
				ENABLE_NS_ASSERTIONS = NO;
				ENABLE_STRICT_OBJC_MSGSEND = YES;
				GCC_C_LANGUAGE_STANDARD = gnu11;
				GCC_NO_COMMON_BLOCKS = YES;
				GCC_WARN_64_TO_32_BIT_CONVERSION = YES;
				GCC_WARN_ABOUT_RETURN_TYPE = YES_ERROR;
				GCC_WARN_UNDECLARED_SELECTOR = YES;
				GCC_WARN_UNINITIALIZED_AUTOS = YES_AGGRESSIVE;
				GCC_WARN_UNUSED_FUNCTION = YES;
				GCC_WARN_UNUSED_VARIABLE = YES;
				IPHONEOS_DEPLOYMENT_TARGET = 16.4;
				MTL_ENABLE_DEBUG_INFO = NO;
				MTL_FAST_MATH = YES;
				SDKROOT = iphoneos;
				SWIFT_COMPILATION_MODE = wholemodule;
				SWIFT_OPTIMIZATION_LEVEL = "-O";
				VALIDATE_PRODUCT = YES;
			};
			name = Release;
		};
		275F4F4229DA404A00FCBF0E /* Debug */ = {
			isa = XCBuildConfiguration;
			buildSettings = {
				ASSETCATALOG_COMPILER_APPICON_NAME = AppIcon;
				ASSETCATALOG_COMPILER_GLOBAL_ACCENT_COLOR_NAME = AccentColor;
				CODE_SIGN_STYLE = Automatic;
				CURRENT_PROJECT_VERSION = 1;
				DEVELOPMENT_TEAM = R82UJBY7FF;
				GENERATE_INFOPLIST_FILE = YES;
				INFOPLIST_FILE = MovieApp/Info.plist;
				INFOPLIST_KEY_UIApplicationSupportsIndirectInputEvents = YES;
				INFOPLIST_KEY_UILaunchStoryboardName = LaunchScreen;
				INFOPLIST_KEY_UIMainStoryboardFile = Main;
				INFOPLIST_KEY_UISupportedInterfaceOrientations_iPad = "UIInterfaceOrientationPortrait UIInterfaceOrientationPortraitUpsideDown UIInterfaceOrientationLandscapeLeft UIInterfaceOrientationLandscapeRight";
				INFOPLIST_KEY_UISupportedInterfaceOrientations_iPhone = "UIInterfaceOrientationPortrait UIInterfaceOrientationLandscapeLeft UIInterfaceOrientationLandscapeRight";
				IPHONEOS_DEPLOYMENT_TARGET = 13.0;
				LD_RUNPATH_SEARCH_PATHS = (
					"$(inherited)",
					"@executable_path/Frameworks",
				);
				MARKETING_VERSION = 1.0;
				PRODUCT_BUNDLE_IDENTIFIER = ru.fibeapp.MovieApp;
				PRODUCT_NAME = "$(TARGET_NAME)";
				SWIFT_EMIT_LOC_STRINGS = YES;
				SWIFT_VERSION = 5.0;
				TARGETED_DEVICE_FAMILY = "1,2";
			};
			name = Debug;
		};
		275F4F4329DA404A00FCBF0E /* Release */ = {
			isa = XCBuildConfiguration;
			buildSettings = {
				ASSETCATALOG_COMPILER_APPICON_NAME = AppIcon;
				ASSETCATALOG_COMPILER_GLOBAL_ACCENT_COLOR_NAME = AccentColor;
				CODE_SIGN_STYLE = Automatic;
				CURRENT_PROJECT_VERSION = 1;
				DEVELOPMENT_TEAM = R82UJBY7FF;
				GENERATE_INFOPLIST_FILE = YES;
				INFOPLIST_FILE = MovieApp/Info.plist;
				INFOPLIST_KEY_UIApplicationSupportsIndirectInputEvents = YES;
				INFOPLIST_KEY_UILaunchStoryboardName = LaunchScreen;
				INFOPLIST_KEY_UIMainStoryboardFile = Main;
				INFOPLIST_KEY_UISupportedInterfaceOrientations_iPad = "UIInterfaceOrientationPortrait UIInterfaceOrientationPortraitUpsideDown UIInterfaceOrientationLandscapeLeft UIInterfaceOrientationLandscapeRight";
				INFOPLIST_KEY_UISupportedInterfaceOrientations_iPhone = "UIInterfaceOrientationPortrait UIInterfaceOrientationLandscapeLeft UIInterfaceOrientationLandscapeRight";
				IPHONEOS_DEPLOYMENT_TARGET = 13.0;
				LD_RUNPATH_SEARCH_PATHS = (
					"$(inherited)",
					"@executable_path/Frameworks",
				);
				MARKETING_VERSION = 1.0;
				PRODUCT_BUNDLE_IDENTIFIER = ru.fibeapp.MovieApp;
				PRODUCT_NAME = "$(TARGET_NAME)";
				SWIFT_EMIT_LOC_STRINGS = YES;
				SWIFT_VERSION = 5.0;
				TARGETED_DEVICE_FAMILY = "1,2";
			};
			name = Release;
		};
/* End XCBuildConfiguration section */

/* Begin XCConfigurationList section */
		275F4F2829DA404900FCBF0E /* Build configuration list for PBXProject "MovieApp" */ = {
			isa = XCConfigurationList;
			buildConfigurations = (
				275F4F3F29DA404A00FCBF0E /* Debug */,
				275F4F4029DA404A00FCBF0E /* Release */,
			);
			defaultConfigurationIsVisible = 0;
			defaultConfigurationName = Release;
		};
		275F4F4129DA404A00FCBF0E /* Build configuration list for PBXNativeTarget "MovieApp" */ = {
			isa = XCConfigurationList;
			buildConfigurations = (
				275F4F4229DA404A00FCBF0E /* Debug */,
				275F4F4329DA404A00FCBF0E /* Release */,
			);
			defaultConfigurationIsVisible = 0;
			defaultConfigurationName = Release;
		};
/* End XCConfigurationList section */
	};
	rootObject = 275F4F2529DA404900FCBF0E /* Project object */;
}
