// !$*UTF8*$!
{
	archiveVersion = 1;
	classes = {
	};
	objectVersion = 55;
	objects = {

/* Begin PBXBuildFile section */
		106FFB9629DF1A74002D7A94 /* SplashScreenViewController.swift in Sources */ = {isa = PBXBuildFile; fileRef = 106FFB9529DF1A74002D7A94 /* SplashScreenViewController.swift */; };
		10F9E3BE29DAE57400C7BC6A /* .gitignore in Resources */ = {isa = PBXBuildFile; fileRef = 10F9E3BD29DAE57400C7BC6A /* .gitignore */; };
		10F9E3C429DB7EA000C7BC6A /* CreateAccountViewController.swift in Sources */ = {isa = PBXBuildFile; fileRef = 10F9E3C329DB7EA000C7BC6A /* CreateAccountViewController.swift */; };
		10F9E3C629DB833300C7BC6A /* MainButton.swift in Sources */ = {isa = PBXBuildFile; fileRef = 10F9E3C529DB833300C7BC6A /* MainButton.swift */; };
		10F9E3CA29DC186500C7BC6A /* TextFieldView.swift in Sources */ = {isa = PBXBuildFile; fileRef = 10F9E3C929DC186500C7BC6A /* TextFieldView.swift */; };
		18BD55E529DC8E430000DB83 /* OnboardingCollectionViewCell.swift in Sources */ = {isa = PBXBuildFile; fileRef = 18BD55E429DC8E430000DB83 /* OnboardingCollectionViewCell.swift */; };
		18BD55E729DCB84E0000DB83 /* OnboardingSlide.swift in Sources */ = {isa = PBXBuildFile; fileRef = 18BD55E629DCB84E0000DB83 /* OnboardingSlide.swift */; };
		18EEBF5A29DB5A62002B5C20 /* OnboardingViewController.swift in Sources */ = {isa = PBXBuildFile; fileRef = 18EEBF5929DB5A62002B5C20 /* OnboardingViewController.swift */; };
		275F4F3129DA404900FCBF0E /* AppDelegate.swift in Sources */ = {isa = PBXBuildFile; fileRef = 275F4F3029DA404900FCBF0E /* AppDelegate.swift */; };
		275F4F3329DA404900FCBF0E /* SceneDelegate.swift in Sources */ = {isa = PBXBuildFile; fileRef = 275F4F3229DA404900FCBF0E /* SceneDelegate.swift */; };
		275F4F3529DA404900FCBF0E /* ViewController.swift in Sources */ = {isa = PBXBuildFile; fileRef = 275F4F3429DA404900FCBF0E /* ViewController.swift */; };
		275F4F3A29DA404A00FCBF0E /* Assets.xcassets in Resources */ = {isa = PBXBuildFile; fileRef = 275F4F3929DA404A00FCBF0E /* Assets.xcassets */; };
		275F4F3D29DA404A00FCBF0E /* LaunchScreen.storyboard in Resources */ = {isa = PBXBuildFile; fileRef = 275F4F3B29DA404A00FCBF0E /* LaunchScreen.storyboard */; };
		A2EBFF7A29DC162400715794 /* Theme.swift in Sources */ = {isa = PBXBuildFile; fileRef = A2EBFF7929DC162400715794 /* Theme.swift */; };
/* End PBXBuildFile section */

/* Begin PBXFileReference section */
		106FFB9529DF1A74002D7A94 /* SplashScreenViewController.swift */ = {isa = PBXFileReference; fileEncoding = 4; lastKnownFileType = sourcecode.swift; path = SplashScreenViewController.swift; sourceTree = "<group>"; };
		10F9E3BD29DAE57400C7BC6A /* .gitignore */ = {isa = PBXFileReference; lastKnownFileType = text; path = .gitignore; sourceTree = "<group>"; };
		10F9E3C329DB7EA000C7BC6A /* CreateAccountViewController.swift */ = {isa = PBXFileReference; lastKnownFileType = sourcecode.swift; path = CreateAccountViewController.swift; sourceTree = "<group>"; };
		10F9E3C529DB833300C7BC6A /* MainButton.swift */ = {isa = PBXFileReference; lastKnownFileType = sourcecode.swift; path = MainButton.swift; sourceTree = "<group>"; };
		10F9E3C929DC186500C7BC6A /* TextFieldView.swift */ = {isa = PBXFileReference; lastKnownFileType = sourcecode.swift; path = TextFieldView.swift; sourceTree = "<group>"; };
		18BD55E429DC8E430000DB83 /* OnboardingCollectionViewCell.swift */ = {isa = PBXFileReference; lastKnownFileType = sourcecode.swift; path = OnboardingCollectionViewCell.swift; sourceTree = "<group>"; };
		18BD55E629DCB84E0000DB83 /* OnboardingSlide.swift */ = {isa = PBXFileReference; lastKnownFileType = sourcecode.swift; path = OnboardingSlide.swift; sourceTree = "<group>"; };
		18EEBF5929DB5A62002B5C20 /* OnboardingViewController.swift */ = {isa = PBXFileReference; lastKnownFileType = sourcecode.swift; path = OnboardingViewController.swift; sourceTree = "<group>"; };
		275F4F2D29DA404900FCBF0E /* MovieApp.app */ = {isa = PBXFileReference; explicitFileType = wrapper.application; includeInIndex = 0; path = MovieApp.app; sourceTree = BUILT_PRODUCTS_DIR; };
		275F4F3029DA404900FCBF0E /* AppDelegate.swift */ = {isa = PBXFileReference; lastKnownFileType = sourcecode.swift; path = AppDelegate.swift; sourceTree = "<group>"; };
		275F4F3229DA404900FCBF0E /* SceneDelegate.swift */ = {isa = PBXFileReference; lastKnownFileType = sourcecode.swift; path = SceneDelegate.swift; sourceTree = "<group>"; };
		275F4F3429DA404900FCBF0E /* ViewController.swift */ = {isa = PBXFileReference; lastKnownFileType = sourcecode.swift; path = ViewController.swift; sourceTree = "<group>"; };
		275F4F3929DA404A00FCBF0E /* Assets.xcassets */ = {isa = PBXFileReference; lastKnownFileType = folder.assetcatalog; path = Assets.xcassets; sourceTree = "<group>"; };
		275F4F3C29DA404A00FCBF0E /* Base */ = {isa = PBXFileReference; lastKnownFileType = file.storyboard; name = Base; path = Base.lproj/LaunchScreen.storyboard; sourceTree = "<group>"; };
		275F4F3E29DA404A00FCBF0E /* Info.plist */ = {isa = PBXFileReference; lastKnownFileType = text.plist.xml; path = Info.plist; sourceTree = "<group>"; };
		A2EBFF7929DC162400715794 /* Theme.swift */ = {isa = PBXFileReference; lastKnownFileType = sourcecode.swift; path = Theme.swift; sourceTree = "<group>"; };
/* End PBXFileReference section */

/* Begin PBXFrameworksBuildPhase section */
		275F4F2A29DA404900FCBF0E /* Frameworks */ = {
			isa = PBXFrameworksBuildPhase;
			buildActionMask = 2147483647;
			files = (
			);
			runOnlyForDeploymentPostprocessing = 0;
		};
/* End PBXFrameworksBuildPhase section */

/* Begin PBXGroup section */
		275F4F2429DA404900FCBF0E = {
			isa = PBXGroup;
			children = (
				10F9E3BD29DAE57400C7BC6A /* .gitignore */,
				275F4F2F29DA404900FCBF0E /* MovieApp */,
				275F4F2E29DA404900FCBF0E /* Products */,
			);
			sourceTree = "<group>";
		};
		275F4F2E29DA404900FCBF0E /* Products */ = {
			isa = PBXGroup;
			children = (
				275F4F2D29DA404900FCBF0E /* MovieApp.app */,
			);
			name = Products;
			sourceTree = "<group>";
		};
		275F4F2F29DA404900FCBF0E /* MovieApp */ = {
			isa = PBXGroup;
			children = (
				275F4F3029DA404900FCBF0E /* AppDelegate.swift */,
				275F4F3229DA404900FCBF0E /* SceneDelegate.swift */,
				10F9E3C329DB7EA000C7BC6A /* CreateAccountViewController.swift */,
				10F9E3C929DC186500C7BC6A /* TextFieldView.swift */,
				10F9E3C529DB833300C7BC6A /* MainButton.swift */,
				275F4F3429DA404900FCBF0E /* ViewController.swift */,
				18BD55E629DCB84E0000DB83 /* OnboardingSlide.swift */,
				18EEBF5929DB5A62002B5C20 /* OnboardingViewController.swift */,
				18BD55E429DC8E430000DB83 /* OnboardingCollectionViewCell.swift */,
				106FFB9529DF1A74002D7A94 /* SplashScreenViewController.swift */,
				A2EBFF7929DC162400715794 /* Theme.swift */,
				275F4F3929DA404A00FCBF0E /* Assets.xcassets */,
				275F4F3B29DA404A00FCBF0E /* LaunchScreen.storyboard */,
				275F4F3E29DA404A00FCBF0E /* Info.plist */,
			);
			path = MovieApp;
			sourceTree = "<group>";
		};
/* End PBXGroup section */

/* Begin PBXNativeTarget section */
		275F4F2C29DA404900FCBF0E /* MovieApp */ = {
			isa = PBXNativeTarget;
			buildConfigurationList = 275F4F4129DA404A00FCBF0E /* Build configuration list for PBXNativeTarget "MovieApp" */;
			buildPhases = (
				275F4F2929DA404900FCBF0E /* Sources */,
				275F4F2A29DA404900FCBF0E /* Frameworks */,
				275F4F2B29DA404900FCBF0E /* Resources */,
			);
			buildRules = (
			);
			dependencies = (
			);
			name = MovieApp;
			productName = MovieApp;
			productReference = 275F4F2D29DA404900FCBF0E /* MovieApp.app */;
			productType = "com.apple.product-type.application";
		};
/* End PBXNativeTarget section */

/* Begin PBXProject section */
		275F4F2529DA404900FCBF0E /* Project object */ = {
			isa = PBXProject;
			attributes = {
				BuildIndependentTargetsInParallel = 1;
				LastSwiftUpdateCheck = 1430;
				LastUpgradeCheck = 1430;
				TargetAttributes = {
					275F4F2C29DA404900FCBF0E = {
						CreatedOnToolsVersion = 14.3;
					};
				};
			};
			buildConfigurationList = 275F4F2829DA404900FCBF0E /* Build configuration list for PBXProject "MovieApp" */;
			compatibilityVersion = "Xcode 13.0";
			developmentRegion = en;
			hasScannedForEncodings = 0;
			knownRegions = (
				en,
				Base,
			);
			mainGroup = 275F4F2429DA404900FCBF0E;
			productRefGroup = 275F4F2E29DA404900FCBF0E /* Products */;
			projectDirPath = "";
			projectRoot = "";
			targets = (
				275F4F2C29DA404900FCBF0E /* MovieApp */,
			);
		};
/* End PBXProject section */

/* Begin PBXResourcesBuildPhase section */
		275F4F2B29DA404900FCBF0E /* Resources */ = {
			isa = PBXResourcesBuildPhase;
			buildActionMask = 2147483647;
			files = (
				10F9E3BE29DAE57400C7BC6A /* .gitignore in Resources */,
				275F4F3D29DA404A00FCBF0E /* LaunchScreen.storyboard in Resources */,
				275F4F3A29DA404A00FCBF0E /* Assets.xcassets in Resources */,
			);
			runOnlyForDeploymentPostprocessing = 0;
		};
/* End PBXResourcesBuildPhase section */

/* Begin PBXSourcesBuildPhase section */
		275F4F2929DA404900FCBF0E /* Sources */ = {
			isa = PBXSourcesBuildPhase;
			buildActionMask = 2147483647;
			files = (
				10F9E3C429DB7EA000C7BC6A /* CreateAccountViewController.swift in Sources */,
				275F4F3529DA404900FCBF0E /* ViewController.swift in Sources */,
				10F9E3CA29DC186500C7BC6A /* TextFieldView.swift in Sources */,
				A2EBFF7A29DC162400715794 /* Theme.swift in Sources */,
				106FFB9629DF1A74002D7A94 /* SplashScreenViewController.swift in Sources */,
				275F4F3129DA404900FCBF0E /* AppDelegate.swift in Sources */,
				18BD55E529DC8E430000DB83 /* OnboardingCollectionViewCell.swift in Sources */,
				275F4F3329DA404900FCBF0E /* SceneDelegate.swift in Sources */,
				10F9E3C629DB833300C7BC6A /* MainButton.swift in Sources */,
				18BD55E729DCB84E0000DB83 /* OnboardingSlide.swift in Sources */,
				18EEBF5A29DB5A62002B5C20 /* OnboardingViewController.swift in Sources */,
			);
			runOnlyForDeploymentPostprocessing = 0;
		};
/* End PBXSourcesBuildPhase section */

/* Begin PBXVariantGroup section */
		275F4F3B29DA404A00FCBF0E /* LaunchScreen.storyboard */ = {
			isa = PBXVariantGroup;
			children = (
				275F4F3C29DA404A00FCBF0E /* Base */,
			);
			name = LaunchScreen.storyboard;
			sourceTree = "<group>";
		};
/* End PBXVariantGroup section */

/* Begin XCBuildConfiguration section */
		275F4F3F29DA404A00FCBF0E /* Debug */ = {
			isa = XCBuildConfiguration;
			buildSettings = {
				ALWAYS_SEARCH_USER_PATHS = NO;
				CLANG_ANALYZER_NONNULL = YES;
				CLANG_ANALYZER_NUMBER_OBJECT_CONVERSION = YES_AGGRESSIVE;
				CLANG_CXX_LANGUAGE_STANDARD = "gnu++20";
				CLANG_ENABLE_MODULES = YES;
				CLANG_ENABLE_OBJC_ARC = YES;
				CLANG_ENABLE_OBJC_WEAK = YES;
				CLANG_WARN_BLOCK_CAPTURE_AUTORELEASING = YES;
				CLANG_WARN_BOOL_CONVERSION = YES;
				CLANG_WARN_COMMA = YES;
				CLANG_WARN_CONSTANT_CONVERSION = YES;
				CLANG_WARN_DEPRECATED_OBJC_IMPLEMENTATIONS = YES;
				CLANG_WARN_DIRECT_OBJC_ISA_USAGE = YES_ERROR;
				CLANG_WARN_DOCUMENTATION_COMMENTS = YES;
				CLANG_WARN_EMPTY_BODY = YES;
				CLANG_WARN_ENUM_CONVERSION = YES;
				CLANG_WARN_INFINITE_RECURSION = YES;
				CLANG_WARN_INT_CONVERSION = YES;
				CLANG_WARN_NON_LITERAL_NULL_CONVERSION = YES;
				CLANG_WARN_OBJC_IMPLICIT_RETAIN_SELF = YES;
				CLANG_WARN_OBJC_LITERAL_CONVERSION = YES;
				CLANG_WARN_OBJC_ROOT_CLASS = YES_ERROR;
				CLANG_WARN_QUOTED_INCLUDE_IN_FRAMEWORK_HEADER = YES;
				CLANG_WARN_RANGE_LOOP_ANALYSIS = YES;
				CLANG_WARN_STRICT_PROTOTYPES = YES;
				CLANG_WARN_SUSPICIOUS_MOVE = YES;
				CLANG_WARN_UNGUARDED_AVAILABILITY = YES_AGGRESSIVE;
				CLANG_WARN_UNREACHABLE_CODE = YES;
				CLANG_WARN__DUPLICATE_METHOD_MATCH = YES;
				COPY_PHASE_STRIP = NO;
				DEBUG_INFORMATION_FORMAT = dwarf;
				ENABLE_STRICT_OBJC_MSGSEND = YES;
				ENABLE_TESTABILITY = YES;
				GCC_C_LANGUAGE_STANDARD = gnu11;
				GCC_DYNAMIC_NO_PIC = NO;
				GCC_NO_COMMON_BLOCKS = YES;
				GCC_OPTIMIZATION_LEVEL = 0;
				GCC_PREPROCESSOR_DEFINITIONS = (
					"DEBUG=1",
					"$(inherited)",
				);
				GCC_WARN_64_TO_32_BIT_CONVERSION = YES;
				GCC_WARN_ABOUT_RETURN_TYPE = YES_ERROR;
				GCC_WARN_UNDECLARED_SELECTOR = YES;
				GCC_WARN_UNINITIALIZED_AUTOS = YES_AGGRESSIVE;
				GCC_WARN_UNUSED_FUNCTION = YES;
				GCC_WARN_UNUSED_VARIABLE = YES;
				IPHONEOS_DEPLOYMENT_TARGET = 16.4;
				MTL_ENABLE_DEBUG_INFO = INCLUDE_SOURCE;
				MTL_FAST_MATH = YES;
				ONLY_ACTIVE_ARCH = YES;
				SDKROOT = iphoneos;
				SWIFT_ACTIVE_COMPILATION_CONDITIONS = DEBUG;
				SWIFT_OPTIMIZATION_LEVEL = "-Onone";
			};
			name = Debug;
		};
		275F4F4029DA404A00FCBF0E /* Release */ = {
			isa = XCBuildConfiguration;
			buildSettings = {
				ALWAYS_SEARCH_USER_PATHS = NO;
				CLANG_ANALYZER_NONNULL = YES;
				CLANG_ANALYZER_NUMBER_OBJECT_CONVERSION = YES_AGGRESSIVE;
				CLANG_CXX_LANGUAGE_STANDARD = "gnu++20";
				CLANG_ENABLE_MODULES = YES;
				CLANG_ENABLE_OBJC_ARC = YES;
				CLANG_ENABLE_OBJC_WEAK = YES;
				CLANG_WARN_BLOCK_CAPTURE_AUTORELEASING = YES;
				CLANG_WARN_BOOL_CONVERSION = YES;
				CLANG_WARN_COMMA = YES;
				CLANG_WARN_CONSTANT_CONVERSION = YES;
				CLANG_WARN_DEPRECATED_OBJC_IMPLEMENTATIONS = YES;
				CLANG_WARN_DIRECT_OBJC_ISA_USAGE = YES_ERROR;
				CLANG_WARN_DOCUMENTATION_COMMENTS = YES;
				CLANG_WARN_EMPTY_BODY = YES;
				CLANG_WARN_ENUM_CONVERSION = YES;
				CLANG_WARN_INFINITE_RECURSION = YES;
				CLANG_WARN_INT_CONVERSION = YES;
				CLANG_WARN_NON_LITERAL_NULL_CONVERSION = YES;
				CLANG_WARN_OBJC_IMPLICIT_RETAIN_SELF = YES;
				CLANG_WARN_OBJC_LITERAL_CONVERSION = YES;
				CLANG_WARN_OBJC_ROOT_CLASS = YES_ERROR;
				CLANG_WARN_QUOTED_INCLUDE_IN_FRAMEWORK_HEADER = YES;
				CLANG_WARN_RANGE_LOOP_ANALYSIS = YES;
				CLANG_WARN_STRICT_PROTOTYPES = YES;
				CLANG_WARN_SUSPICIOUS_MOVE = YES;
				CLANG_WARN_UNGUARDED_AVAILABILITY = YES_AGGRESSIVE;
				CLANG_WARN_UNREACHABLE_CODE = YES;
				CLANG_WARN__DUPLICATE_METHOD_MATCH = YES;
				COPY_PHASE_STRIP = NO;
				DEBUG_INFORMATION_FORMAT = "dwarf-with-dsym";
				ENABLE_NS_ASSERTIONS = NO;
				ENABLE_STRICT_OBJC_MSGSEND = YES;
				GCC_C_LANGUAGE_STANDARD = gnu11;
				GCC_NO_COMMON_BLOCKS = YES;
				GCC_WARN_64_TO_32_BIT_CONVERSION = YES;
				GCC_WARN_ABOUT_RETURN_TYPE = YES_ERROR;
				GCC_WARN_UNDECLARED_SELECTOR = YES;
				GCC_WARN_UNINITIALIZED_AUTOS = YES_AGGRESSIVE;
				GCC_WARN_UNUSED_FUNCTION = YES;
				GCC_WARN_UNUSED_VARIABLE = YES;
				IPHONEOS_DEPLOYMENT_TARGET = 16.4;
				MTL_ENABLE_DEBUG_INFO = NO;
				MTL_FAST_MATH = YES;
				SDKROOT = iphoneos;
				SWIFT_COMPILATION_MODE = wholemodule;
				SWIFT_OPTIMIZATION_LEVEL = "-O";
				VALIDATE_PRODUCT = YES;
			};
			name = Release;
		};
		275F4F4229DA404A00FCBF0E /* Debug */ = {
			isa = XCBuildConfiguration;
			buildSettings = {
				ASSETCATALOG_COMPILER_APPICON_NAME = AppIcon;
				ASSETCATALOG_COMPILER_GLOBAL_ACCENT_COLOR_NAME = AccentColor;
				CODE_SIGN_STYLE = Automatic;
				CURRENT_PROJECT_VERSION = 2;
				DEVELOPMENT_TEAM = 723HTEFHBA;
				GENERATE_INFOPLIST_FILE = YES;
				INFOPLIST_FILE = MovieApp/Info.plist;
				INFOPLIST_KEY_LSApplicationCategoryType = "public.app-category.video";
				INFOPLIST_KEY_UIApplicationSupportsIndirectInputEvents = YES;
				INFOPLIST_KEY_UILaunchStoryboardName = LaunchScreen;
				INFOPLIST_KEY_UISupportedInterfaceOrientations = UIInterfaceOrientationPortrait;
				INFOPLIST_KEY_UISupportedInterfaceOrientations_iPad = "UIInterfaceOrientationLandscapeLeft UIInterfaceOrientationLandscapeRight UIInterfaceOrientationPortrait UIInterfaceOrientationPortraitUpsideDown";
				IPHONEOS_DEPLOYMENT_TARGET = 13.0;
				LD_RUNPATH_SEARCH_PATHS = (
					"$(inherited)",
					"@executable_path/Frameworks",
				);
				MARKETING_VERSION = 0.1.1;
				PRODUCT_BUNDLE_IDENTIFIER = ru.fibeapp.MovieApp.su;
				PRODUCT_NAME = "$(TARGET_NAME)";
				SWIFT_EMIT_LOC_STRINGS = YES;
				SWIFT_VERSION = 5.0;
				TARGETED_DEVICE_FAMILY = "1,2";
			};
			name = Debug;
		};
		275F4F4329DA404A00FCBF0E /* Release */ = {
			isa = XCBuildConfiguration;
			buildSettings = {
				ASSETCATALOG_COMPILER_APPICON_NAME = AppIcon;
				ASSETCATALOG_COMPILER_GLOBAL_ACCENT_COLOR_NAME = AccentColor;
				CODE_SIGN_STYLE = Automatic;
				CURRENT_PROJECT_VERSION = 2;
				DEVELOPMENT_TEAM = 723HTEFHBA;
				GENERATE_INFOPLIST_FILE = YES;
				INFOPLIST_FILE = MovieApp/Info.plist;
				INFOPLIST_KEY_LSApplicationCategoryType = "public.app-category.video";
				INFOPLIST_KEY_UIApplicationSupportsIndirectInputEvents = YES;
				INFOPLIST_KEY_UILaunchStoryboardName = LaunchScreen;
				INFOPLIST_KEY_UISupportedInterfaceOrientations = UIInterfaceOrientationPortrait;
				INFOPLIST_KEY_UISupportedInterfaceOrientations_iPad = "UIInterfaceOrientationLandscapeLeft UIInterfaceOrientationLandscapeRight UIInterfaceOrientationPortrait UIInterfaceOrientationPortraitUpsideDown";
				IPHONEOS_DEPLOYMENT_TARGET = 13.0;
				LD_RUNPATH_SEARCH_PATHS = (
					"$(inherited)",
					"@executable_path/Frameworks",
				);
				MARKETING_VERSION = 0.1.1;
				PRODUCT_BUNDLE_IDENTIFIER = ru.fibeapp.MovieApp.su;
				PRODUCT_NAME = "$(TARGET_NAME)";
				SWIFT_EMIT_LOC_STRINGS = YES;
				SWIFT_VERSION = 5.0;
				TARGETED_DEVICE_FAMILY = "1,2";
			};
			name = Release;
		};
/* End XCBuildConfiguration section */

/* Begin XCConfigurationList section */
		275F4F2829DA404900FCBF0E /* Build configuration list for PBXProject "MovieApp" */ = {
			isa = XCConfigurationList;
			buildConfigurations = (
				275F4F3F29DA404A00FCBF0E /* Debug */,
				275F4F4029DA404A00FCBF0E /* Release */,
			);
			defaultConfigurationIsVisible = 0;
			defaultConfigurationName = Release;
		};
		275F4F4129DA404A00FCBF0E /* Build configuration list for PBXNativeTarget "MovieApp" */ = {
			isa = XCConfigurationList;
			buildConfigurations = (
				275F4F4229DA404A00FCBF0E /* Debug */,
				275F4F4329DA404A00FCBF0E /* Release */,
			);
			defaultConfigurationIsVisible = 0;
			defaultConfigurationName = Release;
		};
/* End XCConfigurationList section */
	};
	rootObject = 275F4F2529DA404900FCBF0E /* Project object */;
}
